
Microsoft Visual Studio Solution File, Format Version 12.00
# Visual Studio 15
VisualStudioVersion = 15.0.28307.168
MinimumVisualStudioVersion = 10.0.40219.1
Project("{FAE04EC0-301F-11D3-BF4B-00C04F79EFBC}") = "ASFuelControl.Windows", "ASFuelControl.Windows\ASFuelControl.Windows.csproj", "{48032EFD-8617-4F45-9586-095E5953BDAA}"
EndProject
Project("{FAE04EC0-301F-11D3-BF4B-00C04F79EFBC}") = "ASFuelControl.WorkFlow", "ASFuelControl.WorkFlow\ASFuelControl.WorkFlow.csproj", "{29DEF4D2-A8EE-421C-ABD8-D8433932015F}"
EndProject
Project("{FAE04EC0-301F-11D3-BF4B-00C04F79EFBC}") = "ASFuelControl.FuelPump", "ASFuelControl.FuelPump\ASFuelControl.FuelPump.csproj", "{DEA737A6-0A88-4953-86DB-2E102E82996C}"
EndProject
Project("{FAE04EC0-301F-11D3-BF4B-00C04F79EFBC}") = "ASFuelControl.VirtualDevices", "ASFuelControl.VirtualDevices\ASFuelControl.VirtualDevices.csproj", "{19FAB68F-DA50-4192-9AC7-8CEC8BF4B996}"
EndProject
Project("{FAE04EC0-301F-11D3-BF4B-00C04F79EFBC}") = "ASFuelControl.Common", "ASFuelControl.Common\ASFuelControl.Common.csproj", "{88C17760-58E3-4890-95A4-A2E58FC14CF0}"
EndProject
Project("{FAE04EC0-301F-11D3-BF4B-00C04F79EFBC}") = "ASFuelControl.Tank", "ASFuelControl.Tank\ASFuelControl.Tank.csproj", "{C71609CB-3F4F-4A99-A530-F55E31E8EF70}"
EndProject
Project("{FAE04EC0-301F-11D3-BF4B-00C04F79EFBC}") = "ASFuelControl.Data", "ASFuelControl.Data\ASFuelControl.Data.csproj", "{16EE9704-B2F3-4CBB-AB0E-93B26B4676E6}"
EndProject
Project("{FAE04EC0-301F-11D3-BF4B-00C04F79EFBC}") = "ASFuelControl.Communication", "ASFuelControl.Communication\ASFuelControl.Communication.csproj", "{80D12E04-F31E-4868-940F-3FC81B387FCC}"
EndProject
Project("{FAE04EC0-301F-11D3-BF4B-00C04F79EFBC}") = "ASFuelControl.StartItaliana", "ASFuelControl.StartItaliana\ASFuelControl.StartItaliana.csproj", "{DCA5919C-20D1-499C-A91B-749ECA0AD432}"
EndProject
Project("{FAE04EC0-301F-11D3-BF4B-00C04F79EFBC}") = "ASFuelControl.Ametek", "ASFuelControl.Ametek\ASFuelControl.Ametek.csproj", "{FCD7F7D7-C8A6-4244-99B9-D4593558332E}"
EndProject
Project("{FAE04EC0-301F-11D3-BF4B-00C04F79EFBC}") = "ASFuelControl.Fafnir", "ASFuelControl.Fafnir\ASFuelControl.Fafnir.csproj", "{42A29F23-6F61-4BBE-A3D6-1E0D416DE67C}"
EndProject
Project("{FAE04EC0-301F-11D3-BF4B-00C04F79EFBC}") = "ASFuelControl.Gilbarco", "ASFuelControl.Gilbarco\ASFuelControl.Gilbarco.csproj", "{FA9C4B34-ACED-45C5-A232-83AEBC3AB3DE}"
EndProject
Project("{FAE04EC0-301F-11D3-BF4B-00C04F79EFBC}") = "ASFuelControl.Logging", "ASFuelControl.Logging\ASFuelControl.Logging.csproj", "{85953593-6156-4463-9C47-1DCD8024A087}"
EndProject
Project("{FAE04EC0-301F-11D3-BF4B-00C04F79EFBC}") = "ASFuelControl.EMR3", "ASFuelControl.EMR3\ASFuelControl.EMR3.csproj", "{4C6A1AF8-51AC-4A02-AB5C-52408D08E1A0}"
EndProject
Project("{FAE04EC0-301F-11D3-BF4B-00C04F79EFBC}") = "ASFuelControl.NuovoPignone", "ASFuelControl.NuovoPignone\ASFuelControl.NuovoPignone.csproj", "{264B2DCC-57E2-4D0D-B822-05E48BC081A6}"
EndProject
Project("{FAE04EC0-301F-11D3-BF4B-00C04F79EFBC}") = "ASFuelControl.AK6", "ASFuelControl.AK6\ASFuelControl.AK6.csproj", "{2AA7C3B9-0C06-481C-9476-B05E901161E5}"
EndProject
Project("{FAE04EC0-301F-11D3-BF4B-00C04F79EFBC}") = "ASFuelControl.Millennium", "ASFuelControl.Millennium\ASFuelControl.Millennium.csproj", "{A3104443-65E9-4107-88C5-43CF60BB9706}"
EndProject
Project("{FAE04EC0-301F-11D3-BF4B-00C04F79EFBC}") = "ASFuelControl.MillenniumMulti", "ASFuelControl.MillenniumMulti\ASFuelControl.MillenniumMulti.csproj", "{A54F669A-037B-43A7-AB02-1FCD758ACC53}"
EndProject
Project("{FAE04EC0-301F-11D3-BF4B-00C04F79EFBC}") = "ASFuelControl.Box69b", "ASFuelControl.Box69b\ASFuelControl.Box69b.csproj", "{5BB22792-C630-4E44-9F31-267204632B5C}"
EndProject
Project("{FAE04EC0-301F-11D3-BF4B-00C04F79EFBC}") = "ASFuelControl.GilbarcoCn", "ASFuelControl.GilbarcoCn\ASFuelControl.GilbarcoCn.csproj", "{4886C7C3-0178-491E-86FA-96D0E86A8270}"
EndProject
Project("{FAE04EC0-301F-11D3-BF4B-00C04F79EFBC}") = "ASFuelControl.VeederRootTLS", "ASFuelControl.VeederRootTLS\ASFuelControl.VeederRootTLS.csproj", "{5B889613-902B-40C6-99BF-0435C646CDBB}"
EndProject
Project("{FAE04EC0-301F-11D3-BF4B-00C04F79EFBC}") = "ASFuelControl.WayneDL", "ASFuelControl.WayneDL\ASFuelControl.WayneDL.csproj", "{CB92691E-F466-488D-8B75-2AD60EF2CB25}"
EndProject
Project("{FAE04EC0-301F-11D3-BF4B-00C04F79EFBC}") = "ASFuelControl.Prime", "ASFuelControl.Prime\ASFuelControl.Prime.csproj", "{43780266-F60E-4A63-8F07-3A84D607DFB0}"
EndProject
Project("{FAE04EC0-301F-11D3-BF4B-00C04F79EFBC}") = "ASFuelControl.GVR", "ASFuelControl.GVR\ASFuelControl.GVR.csproj", "{F9707C8A-A3BB-4A95-AB12-FD3F7ADD2ECF}"
EndProject
Project("{FAE04EC0-301F-11D3-BF4B-00C04F79EFBC}") = "ASFuelControl.Pumalan", "ASFuelControl.Pumalan\ASFuelControl.Pumalan.csproj", "{B689018F-7222-43D8-9376-4565DC095640}"
EndProject
Project("{FAE04EC0-301F-11D3-BF4B-00C04F79EFBC}") = "ASFuelControl.BoxIFSF", "ASFuelControl.BoxIFSF\ASFuelControl.BoxIFSF.csproj", "{7422D5DB-F238-4BDF-9084-DFF896CDF77F}"
EndProject
Project("{FAE04EC0-301F-11D3-BF4B-00C04F79EFBC}") = "ASFuelControl.WayneSU", "ASFuelControl.WayneSU\ASFuelControl.WayneSU.csproj", "{3165F37D-177F-4BBF-B37E-8B8065C70B50}"
EndProject
Project("{FAE04EC0-301F-11D3-BF4B-00C04F79EFBC}") = "ASFuelControl.GilbarcoMulti", "ASFuelControl.GilbarcoMulti\ASFuelControl.GilbarcoMulti.csproj", "{B111609E-D64B-4DBB-9A71-FDF2BDD2F440}"
EndProject
Project("{FAE04EC0-301F-11D3-BF4B-00C04F79EFBC}") = "ASFuelControl.NuovoPignoneCL", "ASFuelControl.NuovoPignoneCL\ASFuelControl.NuovoPignoneCL.csproj", "{C276FE24-4111-48B4-A1FE-63E17C6F6D5F}"
EndProject
Project("{FAE04EC0-301F-11D3-BF4B-00C04F79EFBC}") = "ASFuelControl.WayneDartV1", "ASFuelControl.WayneDartV1\ASFuelControl.WayneDartV1.csproj", "{E2D0B80F-7FA7-4456-ADAF-3E996E78DE9A}"
EndProject
Project("{FAE04EC0-301F-11D3-BF4B-00C04F79EFBC}") = "ASFuelControl.WayneDartV2", "ASFuelControl.WayneDartV2\ASFuelControl.WayneDartV2.csproj", "{454967AB-C8A8-4B2F-95E4-C6D8BEBF0DBE}"
EndProject
Project("{FAE04EC0-301F-11D3-BF4B-00C04F79EFBC}") = "ASFuelControl.Europump", "ASFuelControl.Europump\ASFuelControl.Europump.csproj", "{08625F8D-5B99-43A9-962F-73695B0BA0E1}"
EndProject
Project("{FAE04EC0-301F-11D3-BF4B-00C04F79EFBC}") = "ASFuelControl.Schwelm", "ASFuelControl.Schwelm\ASFuelControl.Schwelm.csproj", "{E7894C16-7E28-4FF3-A3C7-BC2744E81DE2}"
EndProject
Project("{FAE04EC0-301F-11D3-BF4B-00C04F79EFBC}") = "ASFuelControl.NuovoPignoneV1", "ASFuelControl.NuovoPignoneV1\ASFuelControl.NuovoPignoneV1.csproj", "{B844D2FC-02E5-4439-9A3A-11DB63141E3F}"
EndProject
Project("{FAE04EC0-301F-11D3-BF4B-00C04F79EFBC}") = "ASFuelControl.FafnirDirect", "ASFuelControl.FafnirDirect\ASFuelControl.FafnirDirect.csproj", "{F7BF4379-5E84-4126-82BB-3013A5D39F6B}"
EndProject
Project("{FAE04EC0-301F-11D3-BF4B-00C04F79EFBC}") = "ASFuelControl.MillenniumMultiV1", "ASFuelControl.MillenniumMultiV1\ASFuelControl.MillenniumMultiV1.csproj", "{222B0EFC-E4BF-4DAD-AC9C-53101E367F5C}"
EndProject
Project("{FAE04EC0-301F-11D3-BF4B-00C04F79EFBC}") = "ASFuelControl.StartItalianaXMT", "ASFuelControl.StartItalianaXMT\ASFuelControl.StartItalianaXMT.csproj", "{18C4904A-6938-4255-A9CF-E2E50C4E894C}"
EndProject
Project("{FAE04EC0-301F-11D3-BF4B-00C04F79EFBC}") = "ASFuelControl.Reports", "ASFuelControl.Reports\ASFuelControl.Reports.csproj", "{B6FBFEEA-74E9-480D-9913-81742B358600}"
EndProject
Project("{FAE04EC0-301F-11D3-BF4B-00C04F79EFBC}") = "ASFuelControl.AK6_Dual", "ASFuelControl.AK6_Dual\ASFuelControl.AK6_Dual.csproj", "{96290CF4-C9ED-4469-BFAF-74436306EC3C}"
EndProject
Project("{FAE04EC0-301F-11D3-BF4B-00C04F79EFBC}") = "ASFuelControl.StartItalianaL", "ASFuelControl.StartItalianaL\ASFuelControl.StartItalianaL.csproj", "{3CE7FA78-136C-4641-864E-7E2C15D483EC}"
EndProject
Project("{FAE04EC0-301F-11D3-BF4B-00C04F79EFBC}") = "EuromatTest", "EuromatTest\EuromatTest.csproj", "{ACDE849B-4A16-42CE-B392-C430E3CD776F}"
EndProject
Project("{FAE04EC0-301F-11D3-BF4B-00C04F79EFBC}") = "ASFuelControl.RFID", "ASFuelControl.RFID\ASFuelControl.RFID.csproj", "{53E3B81E-3B35-46CF-9476-099F3B3C7805}"
EndProject
Project("{FAE04EC0-301F-11D3-BF4B-00C04F79EFBC}") = "ASFuelControl.VeederRootTLSIB", "ASFuelControl.VeederRootTLSIB\ASFuelControl.VeederRootTLSIB.csproj", "{35097C38-30EA-4222-B525-57F1FF36B024}"
EndProject
Project("{FAE04EC0-301F-11D3-BF4B-00C04F79EFBC}") = "ASFuelControl.Petrotec", "ASFuelControl.Petrotec\ASFuelControl.Petrotec.csproj", "{FECC40CF-1D83-451E-A3E9-46AD6A694F98}"
EndProject
Project("{FAE04EC0-301F-11D3-BF4B-00C04F79EFBC}") = "ASFuelControl.PumalanRelay", "ASFuelControl.PumalanRelay\ASFuelControl.PumalanRelay.csproj", "{6D326140-E1E1-40DC-A4EF-C18974474332}"
EndProject
Project("{FAE04EC0-301F-11D3-BF4B-00C04F79EFBC}") = "ASFuelControl.GilbarcoFrontier", "ASFuelControl.GilbarcoFrontier\ASFuelControl.GilbarcoFrontier.csproj", "{C707328C-25C0-48EB-BBAC-3D7A72820416}"
EndProject
Project("{FAE04EC0-301F-11D3-BF4B-00C04F79EFBC}") = "TaxReplacement", "TaxReplacement\TaxReplacement.csproj", "{084C06BB-A6F7-4B77-83E3-E7839069768D}"
EndProject
Project("{FAE04EC0-301F-11D3-BF4B-00C04F79EFBC}") = "ASFuelControl.Euromat", "ASFuelControl.Euromat\ASFuelControl.Euromat.csproj", "{73AB8055-4D6D-413A-AB09-E4CD67E02CCE}"
EndProject
Project("{FAE04EC0-301F-11D3-BF4B-00C04F79EFBC}") = "ASFuelControl.Teosis", "ASFuelControl.Teosis\ASFuelControl.Teosis.csproj", "{7CA0C56E-68BC-4558-B4F7-C9F72DAB341A}"
EndProject
Project("{FAE04EC0-301F-11D3-BF4B-00C04F79EFBC}") = "ASFuelControl.Unixfor", "ASFuelControl.Unixfor\ASFuelControl.Unixfor.csproj", "{A6BD3277-3F84-42CF-8501-557FC0FC25A3}"
EndProject
Project("{FAE04EC0-301F-11D3-BF4B-00C04F79EFBC}") = "TeosisController", "TeosisController\TeosisController.csproj", "{8ECF0F51-2045-4A97-AABB-9204DA8CBF6A}"
EndProject
Project("{FAE04EC0-301F-11D3-BF4B-00C04F79EFBC}") = "OPTTester", "OPTTester\OPTTester.csproj", "{DD1ECD8B-2357-4DDF-87B7-5405FE59B8AC}"
EndProject
Project("{FAE04EC0-301F-11D3-BF4B-00C04F79EFBC}") = "ASFuelControl.PetrotecM", "ASFuelControl.PetrotecM\ASFuelControl.PetrotecM.csproj", "{AB4898D9-A75A-4072-A1AB-5451D6CC6468}"
	ProjectSection(ProjectDependencies) = postProject
		{88C17760-58E3-4890-95A4-A2E58FC14CF0} = {88C17760-58E3-4890-95A4-A2E58FC14CF0}
	EndProjectSection
EndProject
Project("{FAE04EC0-301F-11D3-BF4B-00C04F79EFBC}") = "ASFuelControl.TeosisLPG", "ASFuelControl.TeosisLPG\ASFuelControl.TeosisLPG.csproj", "{F48E3FDD-8578-48F0-8E1E-329A748B02C5}"
EndProject
Project("{FAE04EC0-301F-11D3-BF4B-00C04F79EFBC}") = "ASFuelcontrol.RousisRFID", "ASFuelcontrol.RousisRFID\ASFuelcontrol.RousisRFID.csproj", "{4254DFEC-8697-42C7-8491-CA08031E6245}"
EndProject
Project("{FAE04EC0-301F-11D3-BF4B-00C04F79EFBC}") = "ASFuelControl.Falcon", "ASFuelControl.Falcon\ASFuelControl.Falcon.csproj", "{ADE96245-C5A9-4699-A70D-01568D7AFF98}"
EndProject
Project("{FAE04EC0-301F-11D3-BF4B-00C04F79EFBC}") = "ASFuelControl.PetrotecM_", "ASFuelControl.PetrotecM_\ASFuelControl.PetrotecM_.csproj", "{28AA227F-2F16-4753-AC44-526B300541C3}"
EndProject
Project("{FAE04EC0-301F-11D3-BF4B-00C04F79EFBC}") = "ASFuelControl.Dart", "ASFuelControl.Dart\ASFuelControl.Dart.csproj", "{A5208FF8-FB37-4B7F-AB0C-43017A73C3DC}"
EndProject
Project("{FAE04EC0-301F-11D3-BF4B-00C04F79EFBC}") = "ASFuelControl.DartFalcon", "ASFuelControl.DartFalcon\ASFuelControl.DartFalcon.csproj", "{6BE6BE54-ADDD-4227-8AA9-D49B9D950EEB}"
EndProject
Project("{FAE04EC0-301F-11D3-BF4B-00C04F79EFBC}") = "ASFuelControl.FuelsisBetaControl", "ASFuelControl.FuelsisBetaControl\ASFuelControl.FuelsisBetaControl.csproj", "{EFC6A8E9-F7F9-452E-84A6-996F2230ED81}"
EndProject
Project("{FAE04EC0-301F-11D3-BF4B-00C04F79EFBC}") = "ASFuelControl.TLS4B_Lan", "ASFuelControl.TLS4B_Lan\ASFuelControl.TLS4B_Lan.csproj", "{4C9B2BA9-29C0-4C3E-833C-DD3A7CC5AD53}"
EndProject
Project("{FAE04EC0-301F-11D3-BF4B-00C04F79EFBC}") = "TestCommands", "TestCommands\TestCommands.csproj", "{C6D37207-CAF1-412F-839A-99282D6D3A8A}"
EndProject
Project("{FAE04EC0-301F-11D3-BF4B-00C04F79EFBC}") = "ASFuelControl.NuovoPignoneMulti", "ASFuelControl.NuovoPignoneMulti\ASFuelControl.NuovoPignoneMulti.csproj", "{EF08444D-1357-45AA-A3C7-77E0F2C6A32A}"
EndProject
Project("{FAE04EC0-301F-11D3-BF4B-00C04F79EFBC}") = "ASFuelControl.SIAssytech", "ASFuelControl.SIAssyntech\ASFuelControl.SIAssytech.csproj", "{6225C432-852A-4EF1-ADDF-18E4CF66C526}"
EndProject
Project("{FAE04EC0-301F-11D3-BF4B-00C04F79EFBC}") = "MyDataCorrection", "MyDataCorrection\MyDataCorrection.csproj", "{4E92AA86-2968-442D-ADB1-3D6953057967}"
EndProject
Project("{2150E333-8FDC-42A3-9474-1A3956D46DE8}") = "Libraries", "Libraries", "{1394E941-19C8-4054-A5B3-D246F0F06139}"
EndProject
Project("{FAE04EC0-301F-11D3-BF4B-00C04F79EFBC}") = "Samtec.WebService", "..\..\2024\ASFuelControl\ASFuelControl.SmatecTest\Samtec.WebService\Samtec.WebService.csproj", "{D4FF3343-4238-4652-A6EA-01AC60F3D0C6}"
EndProject
Project("{FAE04EC0-301F-11D3-BF4B-00C04F79EFBC}") = "Exedron.MyData", "Exedron.MyData\Exedron.MyData.csproj", "{3CF088D4-D549-4B77-B923-4F9420BFB2D2}"
EndProject
Project("{FAE04EC0-301F-11D3-BF4B-00C04F79EFBC}") = "Exedron.Invoicing", "..\Exedron.Invoicing\Exedron.Invoicing.csproj", "{21A1350A-A84E-4601-BE6F-22ABCFA3517E}"
EndProject
Project("{FAE04EC0-301F-11D3-BF4B-00C04F79EFBC}") = "ASFuelControl.StartItalianaNewVersion", "ASFuelControl.StartItalianaNewVersion\ASFuelControl.StartItalianaNewVersion.csproj", "{93C18942-368D-4132-ACA1-FFADF2774332}"
EndProject
Project("{FAE04EC0-301F-11D3-BF4B-00C04F79EFBC}") = "CreateTankFilling", "CreateTankFilling\CreateTankFilling.csproj", "{00AC88F0-2E9F-46A8-9E37-95498E92418B}"
EndProject
Project("{FAE04EC0-301F-11D3-BF4B-00C04F79EFBC}") = "FixInvoicingPrices", "FixInvoicingPrices\FixInvoicingPrices.csproj", "{CA29DBF6-3489-4899-BD19-2ACDBC3DDAA2}"
EndProject
Global
	GlobalSection(SolutionConfigurationPlatforms) = preSolution
		Debug|Any CPU = Debug|Any CPU
		Debug|Mixed Platforms = Debug|Mixed Platforms
		Debug|x86 = Debug|x86
		Release|Any CPU = Release|Any CPU
		Release|Mixed Platforms = Release|Mixed Platforms
		Release|x86 = Release|x86
	EndGlobalSection
	GlobalSection(ProjectConfigurationPlatforms) = postSolution
		{48032EFD-8617-4F45-9586-095E5953BDAA}.Debug|Any CPU.ActiveCfg = Debug|x86
		{48032EFD-8617-4F45-9586-095E5953BDAA}.Debug|Any CPU.Build.0 = Debug|x86
		{48032EFD-8617-4F45-9586-095E5953BDAA}.Debug|Mixed Platforms.ActiveCfg = Debug|x86
		{48032EFD-8617-4F45-9586-095E5953BDAA}.Debug|Mixed Platforms.Build.0 = Debug|x86
		{48032EFD-8617-4F45-9586-095E5953BDAA}.Debug|x86.ActiveCfg = Debug|x86
		{48032EFD-8617-4F45-9586-095E5953BDAA}.Debug|x86.Build.0 = Debug|x86
		{48032EFD-8617-4F45-9586-095E5953BDAA}.Release|Any CPU.ActiveCfg = Release|x86
		{48032EFD-8617-4F45-9586-095E5953BDAA}.Release|Any CPU.Build.0 = Release|x86
		{48032EFD-8617-4F45-9586-095E5953BDAA}.Release|Mixed Platforms.ActiveCfg = Release|x86
		{48032EFD-8617-4F45-9586-095E5953BDAA}.Release|Mixed Platforms.Build.0 = Release|x86
		{48032EFD-8617-4F45-9586-095E5953BDAA}.Release|x86.ActiveCfg = Release|x86
		{48032EFD-8617-4F45-9586-095E5953BDAA}.Release|x86.Build.0 = Release|x86
		{29DEF4D2-A8EE-421C-ABD8-D8433932015F}.Debug|Any CPU.ActiveCfg = Debug|Any CPU
		{29DEF4D2-A8EE-421C-ABD8-D8433932015F}.Debug|Any CPU.Build.0 = Debug|Any CPU
		{29DEF4D2-A8EE-421C-ABD8-D8433932015F}.Debug|Mixed Platforms.ActiveCfg = Debug|Any CPU
		{29DEF4D2-A8EE-421C-ABD8-D8433932015F}.Debug|Mixed Platforms.Build.0 = Debug|Any CPU
		{29DEF4D2-A8EE-421C-ABD8-D8433932015F}.Debug|x86.ActiveCfg = Debug|Any CPU
		{29DEF4D2-A8EE-421C-ABD8-D8433932015F}.Debug|x86.Build.0 = Debug|Any CPU
		{29DEF4D2-A8EE-421C-ABD8-D8433932015F}.Release|Any CPU.ActiveCfg = Release|Any CPU
		{29DEF4D2-A8EE-421C-ABD8-D8433932015F}.Release|Any CPU.Build.0 = Release|Any CPU
		{29DEF4D2-A8EE-421C-ABD8-D8433932015F}.Release|Mixed Platforms.ActiveCfg = Release|Any CPU
		{29DEF4D2-A8EE-421C-ABD8-D8433932015F}.Release|Mixed Platforms.Build.0 = Release|Any CPU
		{29DEF4D2-A8EE-421C-ABD8-D8433932015F}.Release|x86.ActiveCfg = Release|Any CPU
		{29DEF4D2-A8EE-421C-ABD8-D8433932015F}.Release|x86.Build.0 = Release|Any CPU
		{DEA737A6-0A88-4953-86DB-2E102E82996C}.Debug|Any CPU.ActiveCfg = Debug|Any CPU
		{DEA737A6-0A88-4953-86DB-2E102E82996C}.Debug|Any CPU.Build.0 = Debug|Any CPU
		{DEA737A6-0A88-4953-86DB-2E102E82996C}.Debug|Mixed Platforms.ActiveCfg = Debug|Any CPU
		{DEA737A6-0A88-4953-86DB-2E102E82996C}.Debug|Mixed Platforms.Build.0 = Debug|Any CPU
		{DEA737A6-0A88-4953-86DB-2E102E82996C}.Debug|x86.ActiveCfg = Debug|Any CPU
		{DEA737A6-0A88-4953-86DB-2E102E82996C}.Debug|x86.Build.0 = Debug|Any CPU
		{DEA737A6-0A88-4953-86DB-2E102E82996C}.Release|Any CPU.ActiveCfg = Release|Any CPU
		{DEA737A6-0A88-4953-86DB-2E102E82996C}.Release|Any CPU.Build.0 = Release|Any CPU
		{DEA737A6-0A88-4953-86DB-2E102E82996C}.Release|Mixed Platforms.ActiveCfg = Release|Any CPU
		{DEA737A6-0A88-4953-86DB-2E102E82996C}.Release|Mixed Platforms.Build.0 = Release|Any CPU
		{DEA737A6-0A88-4953-86DB-2E102E82996C}.Release|x86.ActiveCfg = Release|Any CPU
		{DEA737A6-0A88-4953-86DB-2E102E82996C}.Release|x86.Build.0 = Release|Any CPU
		{19FAB68F-DA50-4192-9AC7-8CEC8BF4B996}.Debug|Any CPU.ActiveCfg = Debug|Any CPU
		{19FAB68F-DA50-4192-9AC7-8CEC8BF4B996}.Debug|Any CPU.Build.0 = Debug|Any CPU
		{19FAB68F-DA50-4192-9AC7-8CEC8BF4B996}.Debug|Mixed Platforms.ActiveCfg = Debug|Any CPU
		{19FAB68F-DA50-4192-9AC7-8CEC8BF4B996}.Debug|Mixed Platforms.Build.0 = Debug|Any CPU
		{19FAB68F-DA50-4192-9AC7-8CEC8BF4B996}.Debug|x86.ActiveCfg = Debug|Any CPU
		{19FAB68F-DA50-4192-9AC7-8CEC8BF4B996}.Debug|x86.Build.0 = Debug|Any CPU
		{19FAB68F-DA50-4192-9AC7-8CEC8BF4B996}.Release|Any CPU.ActiveCfg = Release|Any CPU
		{19FAB68F-DA50-4192-9AC7-8CEC8BF4B996}.Release|Any CPU.Build.0 = Release|Any CPU
		{19FAB68F-DA50-4192-9AC7-8CEC8BF4B996}.Release|Mixed Platforms.ActiveCfg = Release|Any CPU
		{19FAB68F-DA50-4192-9AC7-8CEC8BF4B996}.Release|Mixed Platforms.Build.0 = Release|Any CPU
		{19FAB68F-DA50-4192-9AC7-8CEC8BF4B996}.Release|x86.ActiveCfg = Release|Any CPU
		{19FAB68F-DA50-4192-9AC7-8CEC8BF4B996}.Release|x86.Build.0 = Release|Any CPU
		{88C17760-58E3-4890-95A4-A2E58FC14CF0}.Debug|Any CPU.ActiveCfg = Debug|Any CPU
		{88C17760-58E3-4890-95A4-A2E58FC14CF0}.Debug|Any CPU.Build.0 = Debug|Any CPU
		{88C17760-58E3-4890-95A4-A2E58FC14CF0}.Debug|Mixed Platforms.ActiveCfg = Debug|Any CPU
		{88C17760-58E3-4890-95A4-A2E58FC14CF0}.Debug|Mixed Platforms.Build.0 = Debug|Any CPU
		{88C17760-58E3-4890-95A4-A2E58FC14CF0}.Debug|x86.ActiveCfg = Debug|Any CPU
		{88C17760-58E3-4890-95A4-A2E58FC14CF0}.Debug|x86.Build.0 = Debug|Any CPU
		{88C17760-58E3-4890-95A4-A2E58FC14CF0}.Release|Any CPU.ActiveCfg = Release|Any CPU
		{88C17760-58E3-4890-95A4-A2E58FC14CF0}.Release|Any CPU.Build.0 = Release|Any CPU
		{88C17760-58E3-4890-95A4-A2E58FC14CF0}.Release|Mixed Platforms.ActiveCfg = Release|Any CPU
		{88C17760-58E3-4890-95A4-A2E58FC14CF0}.Release|Mixed Platforms.Build.0 = Release|Any CPU
		{88C17760-58E3-4890-95A4-A2E58FC14CF0}.Release|x86.ActiveCfg = Release|Any CPU
		{88C17760-58E3-4890-95A4-A2E58FC14CF0}.Release|x86.Build.0 = Release|Any CPU
		{C71609CB-3F4F-4A99-A530-F55E31E8EF70}.Debug|Any CPU.ActiveCfg = Debug|Any CPU
		{C71609CB-3F4F-4A99-A530-F55E31E8EF70}.Debug|Any CPU.Build.0 = Debug|Any CPU
		{C71609CB-3F4F-4A99-A530-F55E31E8EF70}.Debug|Mixed Platforms.ActiveCfg = Debug|Any CPU
		{C71609CB-3F4F-4A99-A530-F55E31E8EF70}.Debug|Mixed Platforms.Build.0 = Debug|Any CPU
		{C71609CB-3F4F-4A99-A530-F55E31E8EF70}.Debug|x86.ActiveCfg = Debug|Any CPU
		{C71609CB-3F4F-4A99-A530-F55E31E8EF70}.Debug|x86.Build.0 = Debug|Any CPU
		{C71609CB-3F4F-4A99-A530-F55E31E8EF70}.Release|Any CPU.ActiveCfg = Release|Any CPU
		{C71609CB-3F4F-4A99-A530-F55E31E8EF70}.Release|Any CPU.Build.0 = Release|Any CPU
		{C71609CB-3F4F-4A99-A530-F55E31E8EF70}.Release|Mixed Platforms.ActiveCfg = Release|Any CPU
		{C71609CB-3F4F-4A99-A530-F55E31E8EF70}.Release|Mixed Platforms.Build.0 = Release|Any CPU
		{C71609CB-3F4F-4A99-A530-F55E31E8EF70}.Release|x86.ActiveCfg = Release|Any CPU
		{C71609CB-3F4F-4A99-A530-F55E31E8EF70}.Release|x86.Build.0 = Release|Any CPU
		{16EE9704-B2F3-4CBB-AB0E-93B26B4676E6}.Debug|Any CPU.ActiveCfg = Debug|Any CPU
		{16EE9704-B2F3-4CBB-AB0E-93B26B4676E6}.Debug|Any CPU.Build.0 = Debug|Any CPU
		{16EE9704-B2F3-4CBB-AB0E-93B26B4676E6}.Debug|Mixed Platforms.ActiveCfg = Debug|Any CPU
		{16EE9704-B2F3-4CBB-AB0E-93B26B4676E6}.Debug|Mixed Platforms.Build.0 = Debug|Any CPU
		{16EE9704-B2F3-4CBB-AB0E-93B26B4676E6}.Debug|x86.ActiveCfg = Debug|Any CPU
		{16EE9704-B2F3-4CBB-AB0E-93B26B4676E6}.Debug|x86.Build.0 = Debug|Any CPU
		{16EE9704-B2F3-4CBB-AB0E-93B26B4676E6}.Release|Any CPU.ActiveCfg = Release|Any CPU
		{16EE9704-B2F3-4CBB-AB0E-93B26B4676E6}.Release|Any CPU.Build.0 = Release|Any CPU
		{16EE9704-B2F3-4CBB-AB0E-93B26B4676E6}.Release|Mixed Platforms.ActiveCfg = Release|Any CPU
		{16EE9704-B2F3-4CBB-AB0E-93B26B4676E6}.Release|Mixed Platforms.Build.0 = Release|Any CPU
		{16EE9704-B2F3-4CBB-AB0E-93B26B4676E6}.Release|x86.ActiveCfg = Release|Any CPU
		{16EE9704-B2F3-4CBB-AB0E-93B26B4676E6}.Release|x86.Build.0 = Release|Any CPU
		{80D12E04-F31E-4868-940F-3FC81B387FCC}.Debug|Any CPU.ActiveCfg = Debug|Any CPU
		{80D12E04-F31E-4868-940F-3FC81B387FCC}.Debug|Any CPU.Build.0 = Debug|Any CPU
		{80D12E04-F31E-4868-940F-3FC81B387FCC}.Debug|Mixed Platforms.ActiveCfg = Debug|x86
		{80D12E04-F31E-4868-940F-3FC81B387FCC}.Debug|Mixed Platforms.Build.0 = Debug|x86
		{80D12E04-F31E-4868-940F-3FC81B387FCC}.Debug|x86.ActiveCfg = Debug|x86
		{80D12E04-F31E-4868-940F-3FC81B387FCC}.Debug|x86.Build.0 = Debug|x86
		{80D12E04-F31E-4868-940F-3FC81B387FCC}.Release|Any CPU.ActiveCfg = Release|Any CPU
		{80D12E04-F31E-4868-940F-3FC81B387FCC}.Release|Any CPU.Build.0 = Release|Any CPU
		{80D12E04-F31E-4868-940F-3FC81B387FCC}.Release|Mixed Platforms.ActiveCfg = Release|x86
		{80D12E04-F31E-4868-940F-3FC81B387FCC}.Release|Mixed Platforms.Build.0 = Release|x86
		{80D12E04-F31E-4868-940F-3FC81B387FCC}.Release|x86.ActiveCfg = Release|x86
		{80D12E04-F31E-4868-940F-3FC81B387FCC}.Release|x86.Build.0 = Release|x86
		{DCA5919C-20D1-499C-A91B-749ECA0AD432}.Debug|Any CPU.ActiveCfg = Debug|Any CPU
		{DCA5919C-20D1-499C-A91B-749ECA0AD432}.Debug|Any CPU.Build.0 = Debug|Any CPU
		{DCA5919C-20D1-499C-A91B-749ECA0AD432}.Debug|Mixed Platforms.ActiveCfg = Debug|Any CPU
		{DCA5919C-20D1-499C-A91B-749ECA0AD432}.Debug|Mixed Platforms.Build.0 = Debug|Any CPU
		{DCA5919C-20D1-499C-A91B-749ECA0AD432}.Debug|x86.ActiveCfg = Debug|Any CPU
		{DCA5919C-20D1-499C-A91B-749ECA0AD432}.Debug|x86.Build.0 = Debug|Any CPU
		{DCA5919C-20D1-499C-A91B-749ECA0AD432}.Release|Any CPU.ActiveCfg = Release|Any CPU
		{DCA5919C-20D1-499C-A91B-749ECA0AD432}.Release|Any CPU.Build.0 = Release|Any CPU
		{DCA5919C-20D1-499C-A91B-749ECA0AD432}.Release|Mixed Platforms.ActiveCfg = Release|Any CPU
		{DCA5919C-20D1-499C-A91B-749ECA0AD432}.Release|Mixed Platforms.Build.0 = Release|Any CPU
		{DCA5919C-20D1-499C-A91B-749ECA0AD432}.Release|x86.ActiveCfg = Release|Any CPU
		{DCA5919C-20D1-499C-A91B-749ECA0AD432}.Release|x86.Build.0 = Release|Any CPU
		{FCD7F7D7-C8A6-4244-99B9-D4593558332E}.Debug|Any CPU.ActiveCfg = Debug|Any CPU
		{FCD7F7D7-C8A6-4244-99B9-D4593558332E}.Debug|Any CPU.Build.0 = Debug|Any CPU
		{FCD7F7D7-C8A6-4244-99B9-D4593558332E}.Debug|Mixed Platforms.ActiveCfg = Debug|Any CPU
		{FCD7F7D7-C8A6-4244-99B9-D4593558332E}.Debug|Mixed Platforms.Build.0 = Debug|Any CPU
		{FCD7F7D7-C8A6-4244-99B9-D4593558332E}.Debug|x86.ActiveCfg = Debug|Any CPU
		{FCD7F7D7-C8A6-4244-99B9-D4593558332E}.Debug|x86.Build.0 = Debug|Any CPU
		{FCD7F7D7-C8A6-4244-99B9-D4593558332E}.Release|Any CPU.ActiveCfg = Release|Any CPU
		{FCD7F7D7-C8A6-4244-99B9-D4593558332E}.Release|Any CPU.Build.0 = Release|Any CPU
		{FCD7F7D7-C8A6-4244-99B9-D4593558332E}.Release|Mixed Platforms.ActiveCfg = Release|Any CPU
		{FCD7F7D7-C8A6-4244-99B9-D4593558332E}.Release|Mixed Platforms.Build.0 = Release|Any CPU
		{FCD7F7D7-C8A6-4244-99B9-D4593558332E}.Release|x86.ActiveCfg = Release|Any CPU
		{FCD7F7D7-C8A6-4244-99B9-D4593558332E}.Release|x86.Build.0 = Release|Any CPU
		{42A29F23-6F61-4BBE-A3D6-1E0D416DE67C}.Debug|Any CPU.ActiveCfg = Debug|Any CPU
		{42A29F23-6F61-4BBE-A3D6-1E0D416DE67C}.Debug|Any CPU.Build.0 = Debug|Any CPU
		{42A29F23-6F61-4BBE-A3D6-1E0D416DE67C}.Debug|Mixed Platforms.ActiveCfg = Debug|Any CPU
		{42A29F23-6F61-4BBE-A3D6-1E0D416DE67C}.Debug|Mixed Platforms.Build.0 = Debug|Any CPU
		{42A29F23-6F61-4BBE-A3D6-1E0D416DE67C}.Debug|x86.ActiveCfg = Debug|Any CPU
		{42A29F23-6F61-4BBE-A3D6-1E0D416DE67C}.Debug|x86.Build.0 = Debug|Any CPU
		{42A29F23-6F61-4BBE-A3D6-1E0D416DE67C}.Release|Any CPU.ActiveCfg = Release|Any CPU
		{42A29F23-6F61-4BBE-A3D6-1E0D416DE67C}.Release|Any CPU.Build.0 = Release|Any CPU
		{42A29F23-6F61-4BBE-A3D6-1E0D416DE67C}.Release|Mixed Platforms.ActiveCfg = Release|Any CPU
		{42A29F23-6F61-4BBE-A3D6-1E0D416DE67C}.Release|Mixed Platforms.Build.0 = Release|Any CPU
		{42A29F23-6F61-4BBE-A3D6-1E0D416DE67C}.Release|x86.ActiveCfg = Release|Any CPU
		{42A29F23-6F61-4BBE-A3D6-1E0D416DE67C}.Release|x86.Build.0 = Release|Any CPU
		{FA9C4B34-ACED-45C5-A232-83AEBC3AB3DE}.Debug|Any CPU.ActiveCfg = Debug|Any CPU
		{FA9C4B34-ACED-45C5-A232-83AEBC3AB3DE}.Debug|Any CPU.Build.0 = Debug|Any CPU
		{FA9C4B34-ACED-45C5-A232-83AEBC3AB3DE}.Debug|Mixed Platforms.ActiveCfg = Debug|Any CPU
		{FA9C4B34-ACED-45C5-A232-83AEBC3AB3DE}.Debug|Mixed Platforms.Build.0 = Debug|Any CPU
		{FA9C4B34-ACED-45C5-A232-83AEBC3AB3DE}.Debug|x86.ActiveCfg = Debug|Any CPU
		{FA9C4B34-ACED-45C5-A232-83AEBC3AB3DE}.Debug|x86.Build.0 = Debug|Any CPU
		{FA9C4B34-ACED-45C5-A232-83AEBC3AB3DE}.Release|Any CPU.ActiveCfg = Release|Any CPU
		{FA9C4B34-ACED-45C5-A232-83AEBC3AB3DE}.Release|Any CPU.Build.0 = Release|Any CPU
		{FA9C4B34-ACED-45C5-A232-83AEBC3AB3DE}.Release|Mixed Platforms.ActiveCfg = Release|Any CPU
		{FA9C4B34-ACED-45C5-A232-83AEBC3AB3DE}.Release|Mixed Platforms.Build.0 = Release|Any CPU
		{FA9C4B34-ACED-45C5-A232-83AEBC3AB3DE}.Release|x86.ActiveCfg = Release|Any CPU
		{FA9C4B34-ACED-45C5-A232-83AEBC3AB3DE}.Release|x86.Build.0 = Release|Any CPU
		{85953593-6156-4463-9C47-1DCD8024A087}.Debug|Any CPU.ActiveCfg = Debug|Any CPU
		{85953593-6156-4463-9C47-1DCD8024A087}.Debug|Any CPU.Build.0 = Debug|Any CPU
		{85953593-6156-4463-9C47-1DCD8024A087}.Debug|Mixed Platforms.ActiveCfg = Debug|Any CPU
		{85953593-6156-4463-9C47-1DCD8024A087}.Debug|Mixed Platforms.Build.0 = Debug|Any CPU
		{85953593-6156-4463-9C47-1DCD8024A087}.Debug|x86.ActiveCfg = Debug|Any CPU
		{85953593-6156-4463-9C47-1DCD8024A087}.Debug|x86.Build.0 = Debug|Any CPU
		{85953593-6156-4463-9C47-1DCD8024A087}.Release|Any CPU.ActiveCfg = Release|Any CPU
		{85953593-6156-4463-9C47-1DCD8024A087}.Release|Any CPU.Build.0 = Release|Any CPU
		{85953593-6156-4463-9C47-1DCD8024A087}.Release|Mixed Platforms.ActiveCfg = Release|Any CPU
		{85953593-6156-4463-9C47-1DCD8024A087}.Release|Mixed Platforms.Build.0 = Release|Any CPU
		{85953593-6156-4463-9C47-1DCD8024A087}.Release|x86.ActiveCfg = Release|Any CPU
		{85953593-6156-4463-9C47-1DCD8024A087}.Release|x86.Build.0 = Release|Any CPU
		{4C6A1AF8-51AC-4A02-AB5C-52408D08E1A0}.Debug|Any CPU.ActiveCfg = Debug|Any CPU
		{4C6A1AF8-51AC-4A02-AB5C-52408D08E1A0}.Debug|Any CPU.Build.0 = Debug|Any CPU
		{4C6A1AF8-51AC-4A02-AB5C-52408D08E1A0}.Debug|Mixed Platforms.ActiveCfg = Debug|Any CPU
		{4C6A1AF8-51AC-4A02-AB5C-52408D08E1A0}.Debug|Mixed Platforms.Build.0 = Debug|Any CPU
		{4C6A1AF8-51AC-4A02-AB5C-52408D08E1A0}.Debug|x86.ActiveCfg = Debug|Any CPU
		{4C6A1AF8-51AC-4A02-AB5C-52408D08E1A0}.Debug|x86.Build.0 = Debug|Any CPU
		{4C6A1AF8-51AC-4A02-AB5C-52408D08E1A0}.Release|Any CPU.ActiveCfg = Release|Any CPU
		{4C6A1AF8-51AC-4A02-AB5C-52408D08E1A0}.Release|Any CPU.Build.0 = Release|Any CPU
		{4C6A1AF8-51AC-4A02-AB5C-52408D08E1A0}.Release|Mixed Platforms.ActiveCfg = Release|Any CPU
		{4C6A1AF8-51AC-4A02-AB5C-52408D08E1A0}.Release|Mixed Platforms.Build.0 = Release|Any CPU
		{4C6A1AF8-51AC-4A02-AB5C-52408D08E1A0}.Release|x86.ActiveCfg = Release|Any CPU
		{4C6A1AF8-51AC-4A02-AB5C-52408D08E1A0}.Release|x86.Build.0 = Release|Any CPU
		{264B2DCC-57E2-4D0D-B822-05E48BC081A6}.Debug|Any CPU.ActiveCfg = Debug|Any CPU
		{264B2DCC-57E2-4D0D-B822-05E48BC081A6}.Debug|Any CPU.Build.0 = Debug|Any CPU
		{264B2DCC-57E2-4D0D-B822-05E48BC081A6}.Debug|Mixed Platforms.ActiveCfg = Debug|Any CPU
		{264B2DCC-57E2-4D0D-B822-05E48BC081A6}.Debug|Mixed Platforms.Build.0 = Debug|Any CPU
		{264B2DCC-57E2-4D0D-B822-05E48BC081A6}.Debug|x86.ActiveCfg = Debug|Any CPU
		{264B2DCC-57E2-4D0D-B822-05E48BC081A6}.Debug|x86.Build.0 = Debug|Any CPU
		{264B2DCC-57E2-4D0D-B822-05E48BC081A6}.Release|Any CPU.ActiveCfg = Release|Any CPU
		{264B2DCC-57E2-4D0D-B822-05E48BC081A6}.Release|Any CPU.Build.0 = Release|Any CPU
		{264B2DCC-57E2-4D0D-B822-05E48BC081A6}.Release|Mixed Platforms.ActiveCfg = Release|Any CPU
		{264B2DCC-57E2-4D0D-B822-05E48BC081A6}.Release|Mixed Platforms.Build.0 = Release|Any CPU
		{264B2DCC-57E2-4D0D-B822-05E48BC081A6}.Release|x86.ActiveCfg = Release|Any CPU
		{264B2DCC-57E2-4D0D-B822-05E48BC081A6}.Release|x86.Build.0 = Release|Any CPU
		{2AA7C3B9-0C06-481C-9476-B05E901161E5}.Debug|Any CPU.ActiveCfg = Debug|Any CPU
		{2AA7C3B9-0C06-481C-9476-B05E901161E5}.Debug|Any CPU.Build.0 = Debug|Any CPU
		{2AA7C3B9-0C06-481C-9476-B05E901161E5}.Debug|Mixed Platforms.ActiveCfg = Debug|Any CPU
		{2AA7C3B9-0C06-481C-9476-B05E901161E5}.Debug|Mixed Platforms.Build.0 = Debug|Any CPU
		{2AA7C3B9-0C06-481C-9476-B05E901161E5}.Debug|x86.ActiveCfg = Debug|Any CPU
		{2AA7C3B9-0C06-481C-9476-B05E901161E5}.Debug|x86.Build.0 = Debug|Any CPU
		{2AA7C3B9-0C06-481C-9476-B05E901161E5}.Release|Any CPU.ActiveCfg = Release|Any CPU
		{2AA7C3B9-0C06-481C-9476-B05E901161E5}.Release|Any CPU.Build.0 = Release|Any CPU
		{2AA7C3B9-0C06-481C-9476-B05E901161E5}.Release|Mixed Platforms.ActiveCfg = Release|Any CPU
		{2AA7C3B9-0C06-481C-9476-B05E901161E5}.Release|Mixed Platforms.Build.0 = Release|Any CPU
		{2AA7C3B9-0C06-481C-9476-B05E901161E5}.Release|x86.ActiveCfg = Release|Any CPU
		{2AA7C3B9-0C06-481C-9476-B05E901161E5}.Release|x86.Build.0 = Release|Any CPU
		{A3104443-65E9-4107-88C5-43CF60BB9706}.Debug|Any CPU.ActiveCfg = Debug|Any CPU
		{A3104443-65E9-4107-88C5-43CF60BB9706}.Debug|Any CPU.Build.0 = Debug|Any CPU
		{A3104443-65E9-4107-88C5-43CF60BB9706}.Debug|Mixed Platforms.ActiveCfg = Debug|Any CPU
		{A3104443-65E9-4107-88C5-43CF60BB9706}.Debug|Mixed Platforms.Build.0 = Debug|Any CPU
		{A3104443-65E9-4107-88C5-43CF60BB9706}.Debug|x86.ActiveCfg = Debug|Any CPU
		{A3104443-65E9-4107-88C5-43CF60BB9706}.Debug|x86.Build.0 = Debug|Any CPU
		{A3104443-65E9-4107-88C5-43CF60BB9706}.Release|Any CPU.ActiveCfg = Release|Any CPU
		{A3104443-65E9-4107-88C5-43CF60BB9706}.Release|Any CPU.Build.0 = Release|Any CPU
		{A3104443-65E9-4107-88C5-43CF60BB9706}.Release|Mixed Platforms.ActiveCfg = Release|Any CPU
		{A3104443-65E9-4107-88C5-43CF60BB9706}.Release|Mixed Platforms.Build.0 = Release|Any CPU
		{A3104443-65E9-4107-88C5-43CF60BB9706}.Release|x86.ActiveCfg = Release|Any CPU
		{A3104443-65E9-4107-88C5-43CF60BB9706}.Release|x86.Build.0 = Release|Any CPU
		{A54F669A-037B-43A7-AB02-1FCD758ACC53}.Debug|Any CPU.ActiveCfg = Debug|Any CPU
		{A54F669A-037B-43A7-AB02-1FCD758ACC53}.Debug|Any CPU.Build.0 = Debug|Any CPU
		{A54F669A-037B-43A7-AB02-1FCD758ACC53}.Debug|Mixed Platforms.ActiveCfg = Debug|Any CPU
		{A54F669A-037B-43A7-AB02-1FCD758ACC53}.Debug|Mixed Platforms.Build.0 = Debug|Any CPU
		{A54F669A-037B-43A7-AB02-1FCD758ACC53}.Debug|x86.ActiveCfg = Debug|Any CPU
		{A54F669A-037B-43A7-AB02-1FCD758ACC53}.Debug|x86.Build.0 = Debug|Any CPU
		{A54F669A-037B-43A7-AB02-1FCD758ACC53}.Release|Any CPU.ActiveCfg = Release|Any CPU
		{A54F669A-037B-43A7-AB02-1FCD758ACC53}.Release|Any CPU.Build.0 = Release|Any CPU
		{A54F669A-037B-43A7-AB02-1FCD758ACC53}.Release|Mixed Platforms.ActiveCfg = Release|Any CPU
		{A54F669A-037B-43A7-AB02-1FCD758ACC53}.Release|Mixed Platforms.Build.0 = Release|Any CPU
		{A54F669A-037B-43A7-AB02-1FCD758ACC53}.Release|x86.ActiveCfg = Release|Any CPU
		{A54F669A-037B-43A7-AB02-1FCD758ACC53}.Release|x86.Build.0 = Release|Any CPU
		{5BB22792-C630-4E44-9F31-267204632B5C}.Debug|Any CPU.ActiveCfg = Debug|Any CPU
		{5BB22792-C630-4E44-9F31-267204632B5C}.Debug|Any CPU.Build.0 = Debug|Any CPU
		{5BB22792-C630-4E44-9F31-267204632B5C}.Debug|Mixed Platforms.ActiveCfg = Debug|Any CPU
		{5BB22792-C630-4E44-9F31-267204632B5C}.Debug|Mixed Platforms.Build.0 = Debug|Any CPU
		{5BB22792-C630-4E44-9F31-267204632B5C}.Debug|x86.ActiveCfg = Debug|Any CPU
		{5BB22792-C630-4E44-9F31-267204632B5C}.Debug|x86.Build.0 = Debug|Any CPU
		{5BB22792-C630-4E44-9F31-267204632B5C}.Release|Any CPU.ActiveCfg = Release|Any CPU
		{5BB22792-C630-4E44-9F31-267204632B5C}.Release|Any CPU.Build.0 = Release|Any CPU
		{5BB22792-C630-4E44-9F31-267204632B5C}.Release|Mixed Platforms.ActiveCfg = Release|Any CPU
		{5BB22792-C630-4E44-9F31-267204632B5C}.Release|Mixed Platforms.Build.0 = Release|Any CPU
		{5BB22792-C630-4E44-9F31-267204632B5C}.Release|x86.ActiveCfg = Release|Any CPU
		{5BB22792-C630-4E44-9F31-267204632B5C}.Release|x86.Build.0 = Release|Any CPU
		{4886C7C3-0178-491E-86FA-96D0E86A8270}.Debug|Any CPU.ActiveCfg = Debug|Any CPU
		{4886C7C3-0178-491E-86FA-96D0E86A8270}.Debug|Any CPU.Build.0 = Debug|Any CPU
		{4886C7C3-0178-491E-86FA-96D0E86A8270}.Debug|Mixed Platforms.ActiveCfg = Debug|Any CPU
		{4886C7C3-0178-491E-86FA-96D0E86A8270}.Debug|Mixed Platforms.Build.0 = Debug|Any CPU
		{4886C7C3-0178-491E-86FA-96D0E86A8270}.Debug|x86.ActiveCfg = Debug|Any CPU
		{4886C7C3-0178-491E-86FA-96D0E86A8270}.Debug|x86.Build.0 = Debug|Any CPU
		{4886C7C3-0178-491E-86FA-96D0E86A8270}.Release|Any CPU.ActiveCfg = Release|Any CPU
		{4886C7C3-0178-491E-86FA-96D0E86A8270}.Release|Any CPU.Build.0 = Release|Any CPU
		{4886C7C3-0178-491E-86FA-96D0E86A8270}.Release|Mixed Platforms.ActiveCfg = Release|Any CPU
		{4886C7C3-0178-491E-86FA-96D0E86A8270}.Release|Mixed Platforms.Build.0 = Release|Any CPU
		{4886C7C3-0178-491E-86FA-96D0E86A8270}.Release|x86.ActiveCfg = Release|Any CPU
		{4886C7C3-0178-491E-86FA-96D0E86A8270}.Release|x86.Build.0 = Release|Any CPU
		{5B889613-902B-40C6-99BF-0435C646CDBB}.Debug|Any CPU.ActiveCfg = Debug|Any CPU
		{5B889613-902B-40C6-99BF-0435C646CDBB}.Debug|Any CPU.Build.0 = Debug|Any CPU
		{5B889613-902B-40C6-99BF-0435C646CDBB}.Debug|Mixed Platforms.ActiveCfg = Debug|Any CPU
		{5B889613-902B-40C6-99BF-0435C646CDBB}.Debug|Mixed Platforms.Build.0 = Debug|Any CPU
		{5B889613-902B-40C6-99BF-0435C646CDBB}.Debug|x86.ActiveCfg = Debug|Any CPU
		{5B889613-902B-40C6-99BF-0435C646CDBB}.Debug|x86.Build.0 = Debug|Any CPU
		{5B889613-902B-40C6-99BF-0435C646CDBB}.Release|Any CPU.ActiveCfg = Release|Any CPU
		{5B889613-902B-40C6-99BF-0435C646CDBB}.Release|Any CPU.Build.0 = Release|Any CPU
		{5B889613-902B-40C6-99BF-0435C646CDBB}.Release|Mixed Platforms.ActiveCfg = Release|Any CPU
		{5B889613-902B-40C6-99BF-0435C646CDBB}.Release|Mixed Platforms.Build.0 = Release|Any CPU
		{5B889613-902B-40C6-99BF-0435C646CDBB}.Release|x86.ActiveCfg = Release|Any CPU
		{5B889613-902B-40C6-99BF-0435C646CDBB}.Release|x86.Build.0 = Release|Any CPU
		{CB92691E-F466-488D-8B75-2AD60EF2CB25}.Debug|Any CPU.ActiveCfg = Debug|Any CPU
		{CB92691E-F466-488D-8B75-2AD60EF2CB25}.Debug|Any CPU.Build.0 = Debug|Any CPU
		{CB92691E-F466-488D-8B75-2AD60EF2CB25}.Debug|Mixed Platforms.ActiveCfg = Debug|Any CPU
		{CB92691E-F466-488D-8B75-2AD60EF2CB25}.Debug|Mixed Platforms.Build.0 = Debug|Any CPU
		{CB92691E-F466-488D-8B75-2AD60EF2CB25}.Debug|x86.ActiveCfg = Debug|Any CPU
		{CB92691E-F466-488D-8B75-2AD60EF2CB25}.Debug|x86.Build.0 = Debug|Any CPU
		{CB92691E-F466-488D-8B75-2AD60EF2CB25}.Release|Any CPU.ActiveCfg = Release|Any CPU
		{CB92691E-F466-488D-8B75-2AD60EF2CB25}.Release|Any CPU.Build.0 = Release|Any CPU
		{CB92691E-F466-488D-8B75-2AD60EF2CB25}.Release|Mixed Platforms.ActiveCfg = Release|Any CPU
		{CB92691E-F466-488D-8B75-2AD60EF2CB25}.Release|Mixed Platforms.Build.0 = Release|Any CPU
		{CB92691E-F466-488D-8B75-2AD60EF2CB25}.Release|x86.ActiveCfg = Release|Any CPU
		{CB92691E-F466-488D-8B75-2AD60EF2CB25}.Release|x86.Build.0 = Release|Any CPU
		{43780266-F60E-4A63-8F07-3A84D607DFB0}.Debug|Any CPU.ActiveCfg = Debug|Any CPU
		{43780266-F60E-4A63-8F07-3A84D607DFB0}.Debug|Any CPU.Build.0 = Debug|Any CPU
		{43780266-F60E-4A63-8F07-3A84D607DFB0}.Debug|Mixed Platforms.ActiveCfg = Debug|Any CPU
		{43780266-F60E-4A63-8F07-3A84D607DFB0}.Debug|Mixed Platforms.Build.0 = Debug|Any CPU
		{43780266-F60E-4A63-8F07-3A84D607DFB0}.Debug|x86.ActiveCfg = Debug|Any CPU
		{43780266-F60E-4A63-8F07-3A84D607DFB0}.Debug|x86.Build.0 = Debug|Any CPU
		{43780266-F60E-4A63-8F07-3A84D607DFB0}.Release|Any CPU.ActiveCfg = Release|Any CPU
		{43780266-F60E-4A63-8F07-3A84D607DFB0}.Release|Any CPU.Build.0 = Release|Any CPU
		{43780266-F60E-4A63-8F07-3A84D607DFB0}.Release|Mixed Platforms.ActiveCfg = Release|Any CPU
		{43780266-F60E-4A63-8F07-3A84D607DFB0}.Release|Mixed Platforms.Build.0 = Release|Any CPU
		{43780266-F60E-4A63-8F07-3A84D607DFB0}.Release|x86.ActiveCfg = Release|Any CPU
		{43780266-F60E-4A63-8F07-3A84D607DFB0}.Release|x86.Build.0 = Release|Any CPU
		{F9707C8A-A3BB-4A95-AB12-FD3F7ADD2ECF}.Debug|Any CPU.ActiveCfg = Debug|Any CPU
		{F9707C8A-A3BB-4A95-AB12-FD3F7ADD2ECF}.Debug|Any CPU.Build.0 = Debug|Any CPU
		{F9707C8A-A3BB-4A95-AB12-FD3F7ADD2ECF}.Debug|Mixed Platforms.ActiveCfg = Debug|Any CPU
		{F9707C8A-A3BB-4A95-AB12-FD3F7ADD2ECF}.Debug|Mixed Platforms.Build.0 = Debug|Any CPU
		{F9707C8A-A3BB-4A95-AB12-FD3F7ADD2ECF}.Debug|x86.ActiveCfg = Debug|Any CPU
		{F9707C8A-A3BB-4A95-AB12-FD3F7ADD2ECF}.Debug|x86.Build.0 = Debug|Any CPU
		{F9707C8A-A3BB-4A95-AB12-FD3F7ADD2ECF}.Release|Any CPU.ActiveCfg = Release|Any CPU
		{F9707C8A-A3BB-4A95-AB12-FD3F7ADD2ECF}.Release|Any CPU.Build.0 = Release|Any CPU
		{F9707C8A-A3BB-4A95-AB12-FD3F7ADD2ECF}.Release|Mixed Platforms.ActiveCfg = Release|Any CPU
		{F9707C8A-A3BB-4A95-AB12-FD3F7ADD2ECF}.Release|Mixed Platforms.Build.0 = Release|Any CPU
		{F9707C8A-A3BB-4A95-AB12-FD3F7ADD2ECF}.Release|x86.ActiveCfg = Release|Any CPU
		{F9707C8A-A3BB-4A95-AB12-FD3F7ADD2ECF}.Release|x86.Build.0 = Release|Any CPU
		{B689018F-7222-43D8-9376-4565DC095640}.Debug|Any CPU.ActiveCfg = Debug|Any CPU
		{B689018F-7222-43D8-9376-4565DC095640}.Debug|Any CPU.Build.0 = Debug|Any CPU
		{B689018F-7222-43D8-9376-4565DC095640}.Debug|Mixed Platforms.ActiveCfg = Debug|Any CPU
		{B689018F-7222-43D8-9376-4565DC095640}.Debug|Mixed Platforms.Build.0 = Debug|Any CPU
		{B689018F-7222-43D8-9376-4565DC095640}.Debug|x86.ActiveCfg = Debug|Any CPU
		{B689018F-7222-43D8-9376-4565DC095640}.Debug|x86.Build.0 = Debug|Any CPU
		{B689018F-7222-43D8-9376-4565DC095640}.Release|Any CPU.ActiveCfg = Release|Any CPU
		{B689018F-7222-43D8-9376-4565DC095640}.Release|Any CPU.Build.0 = Release|Any CPU
		{B689018F-7222-43D8-9376-4565DC095640}.Release|Mixed Platforms.ActiveCfg = Release|Any CPU
		{B689018F-7222-43D8-9376-4565DC095640}.Release|Mixed Platforms.Build.0 = Release|Any CPU
		{B689018F-7222-43D8-9376-4565DC095640}.Release|x86.ActiveCfg = Release|Any CPU
		{B689018F-7222-43D8-9376-4565DC095640}.Release|x86.Build.0 = Release|Any CPU
		{7422D5DB-F238-4BDF-9084-DFF896CDF77F}.Debug|Any CPU.ActiveCfg = Debug|Any CPU
		{7422D5DB-F238-4BDF-9084-DFF896CDF77F}.Debug|Any CPU.Build.0 = Debug|Any CPU
		{7422D5DB-F238-4BDF-9084-DFF896CDF77F}.Debug|Mixed Platforms.ActiveCfg = Debug|Any CPU
		{7422D5DB-F238-4BDF-9084-DFF896CDF77F}.Debug|Mixed Platforms.Build.0 = Debug|Any CPU
		{7422D5DB-F238-4BDF-9084-DFF896CDF77F}.Debug|x86.ActiveCfg = Debug|Any CPU
		{7422D5DB-F238-4BDF-9084-DFF896CDF77F}.Debug|x86.Build.0 = Debug|Any CPU
		{7422D5DB-F238-4BDF-9084-DFF896CDF77F}.Release|Any CPU.ActiveCfg = Release|Any CPU
		{7422D5DB-F238-4BDF-9084-DFF896CDF77F}.Release|Any CPU.Build.0 = Release|Any CPU
		{7422D5DB-F238-4BDF-9084-DFF896CDF77F}.Release|Mixed Platforms.ActiveCfg = Release|Any CPU
		{7422D5DB-F238-4BDF-9084-DFF896CDF77F}.Release|Mixed Platforms.Build.0 = Release|Any CPU
		{7422D5DB-F238-4BDF-9084-DFF896CDF77F}.Release|x86.ActiveCfg = Release|Any CPU
		{7422D5DB-F238-4BDF-9084-DFF896CDF77F}.Release|x86.Build.0 = Release|Any CPU
		{3165F37D-177F-4BBF-B37E-8B8065C70B50}.Debug|Any CPU.ActiveCfg = Debug|Any CPU
		{3165F37D-177F-4BBF-B37E-8B8065C70B50}.Debug|Any CPU.Build.0 = Debug|Any CPU
		{3165F37D-177F-4BBF-B37E-8B8065C70B50}.Debug|Mixed Platforms.ActiveCfg = Debug|Any CPU
		{3165F37D-177F-4BBF-B37E-8B8065C70B50}.Debug|Mixed Platforms.Build.0 = Debug|Any CPU
		{3165F37D-177F-4BBF-B37E-8B8065C70B50}.Debug|x86.ActiveCfg = Debug|Any CPU
		{3165F37D-177F-4BBF-B37E-8B8065C70B50}.Debug|x86.Build.0 = Debug|Any CPU
		{3165F37D-177F-4BBF-B37E-8B8065C70B50}.Release|Any CPU.ActiveCfg = Release|Any CPU
		{3165F37D-177F-4BBF-B37E-8B8065C70B50}.Release|Any CPU.Build.0 = Release|Any CPU
		{3165F37D-177F-4BBF-B37E-8B8065C70B50}.Release|Mixed Platforms.ActiveCfg = Release|Any CPU
		{3165F37D-177F-4BBF-B37E-8B8065C70B50}.Release|Mixed Platforms.Build.0 = Release|Any CPU
		{3165F37D-177F-4BBF-B37E-8B8065C70B50}.Release|x86.ActiveCfg = Release|Any CPU
		{3165F37D-177F-4BBF-B37E-8B8065C70B50}.Release|x86.Build.0 = Release|Any CPU
		{B111609E-D64B-4DBB-9A71-FDF2BDD2F440}.Debug|Any CPU.ActiveCfg = Debug|x86
		{B111609E-D64B-4DBB-9A71-FDF2BDD2F440}.Debug|Mixed Platforms.ActiveCfg = Debug|x86
		{B111609E-D64B-4DBB-9A71-FDF2BDD2F440}.Debug|Mixed Platforms.Build.0 = Debug|x86
		{B111609E-D64B-4DBB-9A71-FDF2BDD2F440}.Debug|x86.ActiveCfg = Debug|x86
		{B111609E-D64B-4DBB-9A71-FDF2BDD2F440}.Debug|x86.Build.0 = Debug|x86
		{B111609E-D64B-4DBB-9A71-FDF2BDD2F440}.Release|Any CPU.ActiveCfg = Release|x86
		{B111609E-D64B-4DBB-9A71-FDF2BDD2F440}.Release|Mixed Platforms.ActiveCfg = Release|x86
		{B111609E-D64B-4DBB-9A71-FDF2BDD2F440}.Release|Mixed Platforms.Build.0 = Release|x86
		{B111609E-D64B-4DBB-9A71-FDF2BDD2F440}.Release|x86.ActiveCfg = Release|x86
		{B111609E-D64B-4DBB-9A71-FDF2BDD2F440}.Release|x86.Build.0 = Release|x86
		{C276FE24-4111-48B4-A1FE-63E17C6F6D5F}.Debug|Any CPU.ActiveCfg = Debug|Any CPU
		{C276FE24-4111-48B4-A1FE-63E17C6F6D5F}.Debug|Any CPU.Build.0 = Debug|Any CPU
		{C276FE24-4111-48B4-A1FE-63E17C6F6D5F}.Debug|Mixed Platforms.ActiveCfg = Debug|Any CPU
		{C276FE24-4111-48B4-A1FE-63E17C6F6D5F}.Debug|Mixed Platforms.Build.0 = Debug|Any CPU
		{C276FE24-4111-48B4-A1FE-63E17C6F6D5F}.Debug|x86.ActiveCfg = Debug|Any CPU
		{C276FE24-4111-48B4-A1FE-63E17C6F6D5F}.Debug|x86.Build.0 = Debug|Any CPU
		{C276FE24-4111-48B4-A1FE-63E17C6F6D5F}.Release|Any CPU.ActiveCfg = Release|Any CPU
		{C276FE24-4111-48B4-A1FE-63E17C6F6D5F}.Release|Any CPU.Build.0 = Release|Any CPU
		{C276FE24-4111-48B4-A1FE-63E17C6F6D5F}.Release|Mixed Platforms.ActiveCfg = Release|Any CPU
		{C276FE24-4111-48B4-A1FE-63E17C6F6D5F}.Release|Mixed Platforms.Build.0 = Release|Any CPU
		{C276FE24-4111-48B4-A1FE-63E17C6F6D5F}.Release|x86.ActiveCfg = Release|Any CPU
		{C276FE24-4111-48B4-A1FE-63E17C6F6D5F}.Release|x86.Build.0 = Release|Any CPU
		{E2D0B80F-7FA7-4456-ADAF-3E996E78DE9A}.Debug|Any CPU.ActiveCfg = Debug|Any CPU
		{E2D0B80F-7FA7-4456-ADAF-3E996E78DE9A}.Debug|Any CPU.Build.0 = Debug|Any CPU
		{E2D0B80F-7FA7-4456-ADAF-3E996E78DE9A}.Debug|Mixed Platforms.ActiveCfg = Debug|Any CPU
		{E2D0B80F-7FA7-4456-ADAF-3E996E78DE9A}.Debug|Mixed Platforms.Build.0 = Debug|Any CPU
		{E2D0B80F-7FA7-4456-ADAF-3E996E78DE9A}.Debug|x86.ActiveCfg = Debug|Any CPU
		{E2D0B80F-7FA7-4456-ADAF-3E996E78DE9A}.Debug|x86.Build.0 = Debug|Any CPU
		{E2D0B80F-7FA7-4456-ADAF-3E996E78DE9A}.Release|Any CPU.ActiveCfg = Release|Any CPU
		{E2D0B80F-7FA7-4456-ADAF-3E996E78DE9A}.Release|Any CPU.Build.0 = Release|Any CPU
		{E2D0B80F-7FA7-4456-ADAF-3E996E78DE9A}.Release|Mixed Platforms.ActiveCfg = Release|Any CPU
		{E2D0B80F-7FA7-4456-ADAF-3E996E78DE9A}.Release|Mixed Platforms.Build.0 = Release|Any CPU
		{E2D0B80F-7FA7-4456-ADAF-3E996E78DE9A}.Release|x86.ActiveCfg = Release|Any CPU
		{E2D0B80F-7FA7-4456-ADAF-3E996E78DE9A}.Release|x86.Build.0 = Release|Any CPU
		{454967AB-C8A8-4B2F-95E4-C6D8BEBF0DBE}.Debug|Any CPU.ActiveCfg = Debug|Any CPU
		{454967AB-C8A8-4B2F-95E4-C6D8BEBF0DBE}.Debug|Any CPU.Build.0 = Debug|Any CPU
		{454967AB-C8A8-4B2F-95E4-C6D8BEBF0DBE}.Debug|Mixed Platforms.ActiveCfg = Debug|Any CPU
		{454967AB-C8A8-4B2F-95E4-C6D8BEBF0DBE}.Debug|Mixed Platforms.Build.0 = Debug|Any CPU
		{454967AB-C8A8-4B2F-95E4-C6D8BEBF0DBE}.Debug|x86.ActiveCfg = Debug|Any CPU
		{454967AB-C8A8-4B2F-95E4-C6D8BEBF0DBE}.Debug|x86.Build.0 = Debug|Any CPU
		{454967AB-C8A8-4B2F-95E4-C6D8BEBF0DBE}.Release|Any CPU.ActiveCfg = Release|Any CPU
		{454967AB-C8A8-4B2F-95E4-C6D8BEBF0DBE}.Release|Any CPU.Build.0 = Release|Any CPU
		{454967AB-C8A8-4B2F-95E4-C6D8BEBF0DBE}.Release|Mixed Platforms.ActiveCfg = Release|Any CPU
		{454967AB-C8A8-4B2F-95E4-C6D8BEBF0DBE}.Release|Mixed Platforms.Build.0 = Release|Any CPU
		{454967AB-C8A8-4B2F-95E4-C6D8BEBF0DBE}.Release|x86.ActiveCfg = Release|Any CPU
		{454967AB-C8A8-4B2F-95E4-C6D8BEBF0DBE}.Release|x86.Build.0 = Release|Any CPU
		{08625F8D-5B99-43A9-962F-73695B0BA0E1}.Debug|Any CPU.ActiveCfg = Debug|Any CPU
		{08625F8D-5B99-43A9-962F-73695B0BA0E1}.Debug|Any CPU.Build.0 = Debug|Any CPU
		{08625F8D-5B99-43A9-962F-73695B0BA0E1}.Debug|Mixed Platforms.ActiveCfg = Debug|Any CPU
		{08625F8D-5B99-43A9-962F-73695B0BA0E1}.Debug|Mixed Platforms.Build.0 = Debug|Any CPU
		{08625F8D-5B99-43A9-962F-73695B0BA0E1}.Debug|x86.ActiveCfg = Debug|Any CPU
		{08625F8D-5B99-43A9-962F-73695B0BA0E1}.Debug|x86.Build.0 = Debug|Any CPU
		{08625F8D-5B99-43A9-962F-73695B0BA0E1}.Release|Any CPU.ActiveCfg = Release|Any CPU
		{08625F8D-5B99-43A9-962F-73695B0BA0E1}.Release|Any CPU.Build.0 = Release|Any CPU
		{08625F8D-5B99-43A9-962F-73695B0BA0E1}.Release|Mixed Platforms.ActiveCfg = Release|Any CPU
		{08625F8D-5B99-43A9-962F-73695B0BA0E1}.Release|Mixed Platforms.Build.0 = Release|Any CPU
		{08625F8D-5B99-43A9-962F-73695B0BA0E1}.Release|x86.ActiveCfg = Release|Any CPU
		{08625F8D-5B99-43A9-962F-73695B0BA0E1}.Release|x86.Build.0 = Release|Any CPU
		{E7894C16-7E28-4FF3-A3C7-BC2744E81DE2}.Debug|Any CPU.ActiveCfg = Debug|Any CPU
		{E7894C16-7E28-4FF3-A3C7-BC2744E81DE2}.Debug|Any CPU.Build.0 = Debug|Any CPU
		{E7894C16-7E28-4FF3-A3C7-BC2744E81DE2}.Debug|Mixed Platforms.ActiveCfg = Debug|Any CPU
		{E7894C16-7E28-4FF3-A3C7-BC2744E81DE2}.Debug|Mixed Platforms.Build.0 = Debug|Any CPU
		{E7894C16-7E28-4FF3-A3C7-BC2744E81DE2}.Debug|x86.ActiveCfg = Debug|Any CPU
		{E7894C16-7E28-4FF3-A3C7-BC2744E81DE2}.Debug|x86.Build.0 = Debug|Any CPU
		{E7894C16-7E28-4FF3-A3C7-BC2744E81DE2}.Release|Any CPU.ActiveCfg = Release|Any CPU
		{E7894C16-7E28-4FF3-A3C7-BC2744E81DE2}.Release|Any CPU.Build.0 = Release|Any CPU
		{E7894C16-7E28-4FF3-A3C7-BC2744E81DE2}.Release|Mixed Platforms.ActiveCfg = Release|Any CPU
		{E7894C16-7E28-4FF3-A3C7-BC2744E81DE2}.Release|Mixed Platforms.Build.0 = Release|Any CPU
		{E7894C16-7E28-4FF3-A3C7-BC2744E81DE2}.Release|x86.ActiveCfg = Release|Any CPU
		{E7894C16-7E28-4FF3-A3C7-BC2744E81DE2}.Release|x86.Build.0 = Release|Any CPU
		{B844D2FC-02E5-4439-9A3A-11DB63141E3F}.Debug|Any CPU.ActiveCfg = Debug|Any CPU
		{B844D2FC-02E5-4439-9A3A-11DB63141E3F}.Debug|Any CPU.Build.0 = Debug|Any CPU
		{B844D2FC-02E5-4439-9A3A-11DB63141E3F}.Debug|Mixed Platforms.ActiveCfg = Debug|Any CPU
		{B844D2FC-02E5-4439-9A3A-11DB63141E3F}.Debug|Mixed Platforms.Build.0 = Debug|Any CPU
		{B844D2FC-02E5-4439-9A3A-11DB63141E3F}.Debug|x86.ActiveCfg = Debug|Any CPU
		{B844D2FC-02E5-4439-9A3A-11DB63141E3F}.Debug|x86.Build.0 = Debug|Any CPU
		{B844D2FC-02E5-4439-9A3A-11DB63141E3F}.Release|Any CPU.ActiveCfg = Release|Any CPU
		{B844D2FC-02E5-4439-9A3A-11DB63141E3F}.Release|Any CPU.Build.0 = Release|Any CPU
		{B844D2FC-02E5-4439-9A3A-11DB63141E3F}.Release|Mixed Platforms.ActiveCfg = Release|Any CPU
		{B844D2FC-02E5-4439-9A3A-11DB63141E3F}.Release|Mixed Platforms.Build.0 = Release|Any CPU
		{B844D2FC-02E5-4439-9A3A-11DB63141E3F}.Release|x86.ActiveCfg = Release|Any CPU
		{B844D2FC-02E5-4439-9A3A-11DB63141E3F}.Release|x86.Build.0 = Release|Any CPU
		{F7BF4379-5E84-4126-82BB-3013A5D39F6B}.Debug|Any CPU.ActiveCfg = Debug|Any CPU
		{F7BF4379-5E84-4126-82BB-3013A5D39F6B}.Debug|Any CPU.Build.0 = Debug|Any CPU
		{F7BF4379-5E84-4126-82BB-3013A5D39F6B}.Debug|Mixed Platforms.ActiveCfg = Debug|Any CPU
		{F7BF4379-5E84-4126-82BB-3013A5D39F6B}.Debug|Mixed Platforms.Build.0 = Debug|Any CPU
		{F7BF4379-5E84-4126-82BB-3013A5D39F6B}.Debug|x86.ActiveCfg = Debug|Any CPU
		{F7BF4379-5E84-4126-82BB-3013A5D39F6B}.Debug|x86.Build.0 = Debug|Any CPU
		{F7BF4379-5E84-4126-82BB-3013A5D39F6B}.Release|Any CPU.ActiveCfg = Release|Any CPU
		{F7BF4379-5E84-4126-82BB-3013A5D39F6B}.Release|Any CPU.Build.0 = Release|Any CPU
		{F7BF4379-5E84-4126-82BB-3013A5D39F6B}.Release|Mixed Platforms.ActiveCfg = Release|Any CPU
		{F7BF4379-5E84-4126-82BB-3013A5D39F6B}.Release|Mixed Platforms.Build.0 = Release|Any CPU
		{F7BF4379-5E84-4126-82BB-3013A5D39F6B}.Release|x86.ActiveCfg = Release|Any CPU
		{F7BF4379-5E84-4126-82BB-3013A5D39F6B}.Release|x86.Build.0 = Release|Any CPU
		{222B0EFC-E4BF-4DAD-AC9C-53101E367F5C}.Debug|Any CPU.ActiveCfg = Debug|Any CPU
		{222B0EFC-E4BF-4DAD-AC9C-53101E367F5C}.Debug|Any CPU.Build.0 = Debug|Any CPU
		{222B0EFC-E4BF-4DAD-AC9C-53101E367F5C}.Debug|Mixed Platforms.ActiveCfg = Debug|Any CPU
		{222B0EFC-E4BF-4DAD-AC9C-53101E367F5C}.Debug|Mixed Platforms.Build.0 = Debug|Any CPU
		{222B0EFC-E4BF-4DAD-AC9C-53101E367F5C}.Debug|x86.ActiveCfg = Debug|Any CPU
		{222B0EFC-E4BF-4DAD-AC9C-53101E367F5C}.Debug|x86.Build.0 = Debug|Any CPU
		{222B0EFC-E4BF-4DAD-AC9C-53101E367F5C}.Release|Any CPU.ActiveCfg = Release|Any CPU
		{222B0EFC-E4BF-4DAD-AC9C-53101E367F5C}.Release|Any CPU.Build.0 = Release|Any CPU
		{222B0EFC-E4BF-4DAD-AC9C-53101E367F5C}.Release|Mixed Platforms.ActiveCfg = Release|Any CPU
		{222B0EFC-E4BF-4DAD-AC9C-53101E367F5C}.Release|Mixed Platforms.Build.0 = Release|Any CPU
		{222B0EFC-E4BF-4DAD-AC9C-53101E367F5C}.Release|x86.ActiveCfg = Release|Any CPU
		{222B0EFC-E4BF-4DAD-AC9C-53101E367F5C}.Release|x86.Build.0 = Release|Any CPU
		{18C4904A-6938-4255-A9CF-E2E50C4E894C}.Debug|Any CPU.ActiveCfg = Debug|Any CPU
		{18C4904A-6938-4255-A9CF-E2E50C4E894C}.Debug|Any CPU.Build.0 = Debug|Any CPU
		{18C4904A-6938-4255-A9CF-E2E50C4E894C}.Debug|Mixed Platforms.ActiveCfg = Debug|Any CPU
		{18C4904A-6938-4255-A9CF-E2E50C4E894C}.Debug|Mixed Platforms.Build.0 = Debug|Any CPU
		{18C4904A-6938-4255-A9CF-E2E50C4E894C}.Debug|x86.ActiveCfg = Debug|Any CPU
		{18C4904A-6938-4255-A9CF-E2E50C4E894C}.Debug|x86.Build.0 = Debug|Any CPU
		{18C4904A-6938-4255-A9CF-E2E50C4E894C}.Release|Any CPU.ActiveCfg = Release|Any CPU
		{18C4904A-6938-4255-A9CF-E2E50C4E894C}.Release|Any CPU.Build.0 = Release|Any CPU
		{18C4904A-6938-4255-A9CF-E2E50C4E894C}.Release|Mixed Platforms.ActiveCfg = Release|Any CPU
		{18C4904A-6938-4255-A9CF-E2E50C4E894C}.Release|Mixed Platforms.Build.0 = Release|Any CPU
		{18C4904A-6938-4255-A9CF-E2E50C4E894C}.Release|x86.ActiveCfg = Release|Any CPU
		{18C4904A-6938-4255-A9CF-E2E50C4E894C}.Release|x86.Build.0 = Release|Any CPU
		{B6FBFEEA-74E9-480D-9913-81742B358600}.Debug|Any CPU.ActiveCfg = Debug|Any CPU
		{B6FBFEEA-74E9-480D-9913-81742B358600}.Debug|Any CPU.Build.0 = Debug|Any CPU
		{B6FBFEEA-74E9-480D-9913-81742B358600}.Debug|Mixed Platforms.ActiveCfg = Debug|Any CPU
		{B6FBFEEA-74E9-480D-9913-81742B358600}.Debug|Mixed Platforms.Build.0 = Debug|Any CPU
		{B6FBFEEA-74E9-480D-9913-81742B358600}.Debug|x86.ActiveCfg = Debug|Any CPU
		{B6FBFEEA-74E9-480D-9913-81742B358600}.Debug|x86.Build.0 = Debug|Any CPU
		{B6FBFEEA-74E9-480D-9913-81742B358600}.Release|Any CPU.ActiveCfg = Release|Any CPU
		{B6FBFEEA-74E9-480D-9913-81742B358600}.Release|Any CPU.Build.0 = Release|Any CPU
		{B6FBFEEA-74E9-480D-9913-81742B358600}.Release|Mixed Platforms.ActiveCfg = Release|Any CPU
		{B6FBFEEA-74E9-480D-9913-81742B358600}.Release|Mixed Platforms.Build.0 = Release|Any CPU
		{B6FBFEEA-74E9-480D-9913-81742B358600}.Release|x86.ActiveCfg = Release|Any CPU
		{B6FBFEEA-74E9-480D-9913-81742B358600}.Release|x86.Build.0 = Release|Any CPU
		{96290CF4-C9ED-4469-BFAF-74436306EC3C}.Debug|Any CPU.ActiveCfg = Debug|Any CPU
		{96290CF4-C9ED-4469-BFAF-74436306EC3C}.Debug|Any CPU.Build.0 = Debug|Any CPU
		{96290CF4-C9ED-4469-BFAF-74436306EC3C}.Debug|Mixed Platforms.ActiveCfg = Debug|Any CPU
		{96290CF4-C9ED-4469-BFAF-74436306EC3C}.Debug|Mixed Platforms.Build.0 = Debug|Any CPU
		{96290CF4-C9ED-4469-BFAF-74436306EC3C}.Debug|x86.ActiveCfg = Debug|Any CPU
		{96290CF4-C9ED-4469-BFAF-74436306EC3C}.Release|Any CPU.ActiveCfg = Release|Any CPU
		{96290CF4-C9ED-4469-BFAF-74436306EC3C}.Release|Any CPU.Build.0 = Release|Any CPU
		{96290CF4-C9ED-4469-BFAF-74436306EC3C}.Release|Mixed Platforms.ActiveCfg = Release|Any CPU
		{96290CF4-C9ED-4469-BFAF-74436306EC3C}.Release|Mixed Platforms.Build.0 = Release|Any CPU
		{96290CF4-C9ED-4469-BFAF-74436306EC3C}.Release|x86.ActiveCfg = Release|Any CPU
		{96290CF4-C9ED-4469-BFAF-74436306EC3C}.Release|x86.Build.0 = Release|Any CPU
		{3CE7FA78-136C-4641-864E-7E2C15D483EC}.Debug|Any CPU.ActiveCfg = Debug|Any CPU
		{3CE7FA78-136C-4641-864E-7E2C15D483EC}.Debug|Any CPU.Build.0 = Debug|Any CPU
		{3CE7FA78-136C-4641-864E-7E2C15D483EC}.Debug|Mixed Platforms.ActiveCfg = Debug|Any CPU
		{3CE7FA78-136C-4641-864E-7E2C15D483EC}.Debug|Mixed Platforms.Build.0 = Debug|Any CPU
		{3CE7FA78-136C-4641-864E-7E2C15D483EC}.Debug|x86.ActiveCfg = Debug|Any CPU
		{3CE7FA78-136C-4641-864E-7E2C15D483EC}.Debug|x86.Build.0 = Debug|Any CPU
		{3CE7FA78-136C-4641-864E-7E2C15D483EC}.Release|Any CPU.ActiveCfg = Release|Any CPU
		{3CE7FA78-136C-4641-864E-7E2C15D483EC}.Release|Any CPU.Build.0 = Release|Any CPU
		{3CE7FA78-136C-4641-864E-7E2C15D483EC}.Release|Mixed Platforms.ActiveCfg = Release|Any CPU
		{3CE7FA78-136C-4641-864E-7E2C15D483EC}.Release|Mixed Platforms.Build.0 = Release|Any CPU
		{3CE7FA78-136C-4641-864E-7E2C15D483EC}.Release|x86.ActiveCfg = Release|Any CPU
		{3CE7FA78-136C-4641-864E-7E2C15D483EC}.Release|x86.Build.0 = Release|Any CPU
		{ACDE849B-4A16-42CE-B392-C430E3CD776F}.Debug|Any CPU.ActiveCfg = Debug|x86
		{ACDE849B-4A16-42CE-B392-C430E3CD776F}.Debug|Mixed Platforms.ActiveCfg = Debug|x86
		{ACDE849B-4A16-42CE-B392-C430E3CD776F}.Debug|Mixed Platforms.Build.0 = Debug|x86
		{ACDE849B-4A16-42CE-B392-C430E3CD776F}.Debug|x86.ActiveCfg = Debug|x86
		{ACDE849B-4A16-42CE-B392-C430E3CD776F}.Debug|x86.Build.0 = Debug|x86
		{ACDE849B-4A16-42CE-B392-C430E3CD776F}.Release|Any CPU.ActiveCfg = Release|x86
		{ACDE849B-4A16-42CE-B392-C430E3CD776F}.Release|Mixed Platforms.ActiveCfg = Release|x86
		{ACDE849B-4A16-42CE-B392-C430E3CD776F}.Release|Mixed Platforms.Build.0 = Release|x86
		{ACDE849B-4A16-42CE-B392-C430E3CD776F}.Release|x86.ActiveCfg = Release|x86
		{ACDE849B-4A16-42CE-B392-C430E3CD776F}.Release|x86.Build.0 = Release|x86
		{53E3B81E-3B35-46CF-9476-099F3B3C7805}.Debug|Any CPU.ActiveCfg = Debug|Any CPU
		{53E3B81E-3B35-46CF-9476-099F3B3C7805}.Debug|Any CPU.Build.0 = Debug|Any CPU
		{53E3B81E-3B35-46CF-9476-099F3B3C7805}.Debug|Mixed Platforms.ActiveCfg = Debug|Any CPU
		{53E3B81E-3B35-46CF-9476-099F3B3C7805}.Debug|Mixed Platforms.Build.0 = Debug|Any CPU
		{53E3B81E-3B35-46CF-9476-099F3B3C7805}.Debug|x86.ActiveCfg = Debug|Any CPU
		{53E3B81E-3B35-46CF-9476-099F3B3C7805}.Debug|x86.Build.0 = Debug|Any CPU
		{53E3B81E-3B35-46CF-9476-099F3B3C7805}.Release|Any CPU.ActiveCfg = Release|Any CPU
		{53E3B81E-3B35-46CF-9476-099F3B3C7805}.Release|Any CPU.Build.0 = Release|Any CPU
		{53E3B81E-3B35-46CF-9476-099F3B3C7805}.Release|Mixed Platforms.ActiveCfg = Release|Any CPU
		{53E3B81E-3B35-46CF-9476-099F3B3C7805}.Release|Mixed Platforms.Build.0 = Release|Any CPU
		{53E3B81E-3B35-46CF-9476-099F3B3C7805}.Release|x86.ActiveCfg = Release|Any CPU
		{53E3B81E-3B35-46CF-9476-099F3B3C7805}.Release|x86.Build.0 = Release|Any CPU
		{35097C38-30EA-4222-B525-57F1FF36B024}.Debug|Any CPU.ActiveCfg = Debug|Any CPU
		{35097C38-30EA-4222-B525-57F1FF36B024}.Debug|Any CPU.Build.0 = Debug|Any CPU
		{35097C38-30EA-4222-B525-57F1FF36B024}.Debug|Mixed Platforms.ActiveCfg = Debug|Any CPU
		{35097C38-30EA-4222-B525-57F1FF36B024}.Debug|Mixed Platforms.Build.0 = Debug|Any CPU
		{35097C38-30EA-4222-B525-57F1FF36B024}.Debug|x86.ActiveCfg = Debug|Any CPU
		{35097C38-30EA-4222-B525-57F1FF36B024}.Debug|x86.Build.0 = Debug|Any CPU
		{35097C38-30EA-4222-B525-57F1FF36B024}.Release|Any CPU.ActiveCfg = Release|Any CPU
		{35097C38-30EA-4222-B525-57F1FF36B024}.Release|Any CPU.Build.0 = Release|Any CPU
		{35097C38-30EA-4222-B525-57F1FF36B024}.Release|Mixed Platforms.ActiveCfg = Release|Any CPU
		{35097C38-30EA-4222-B525-57F1FF36B024}.Release|Mixed Platforms.Build.0 = Release|Any CPU
		{35097C38-30EA-4222-B525-57F1FF36B024}.Release|x86.ActiveCfg = Release|Any CPU
		{35097C38-30EA-4222-B525-57F1FF36B024}.Release|x86.Build.0 = Release|Any CPU
		{FECC40CF-1D83-451E-A3E9-46AD6A694F98}.Debug|Any CPU.ActiveCfg = Debug|Any CPU
		{FECC40CF-1D83-451E-A3E9-46AD6A694F98}.Debug|Any CPU.Build.0 = Debug|Any CPU
		{FECC40CF-1D83-451E-A3E9-46AD6A694F98}.Debug|Mixed Platforms.ActiveCfg = Debug|Any CPU
		{FECC40CF-1D83-451E-A3E9-46AD6A694F98}.Debug|Mixed Platforms.Build.0 = Debug|Any CPU
		{FECC40CF-1D83-451E-A3E9-46AD6A694F98}.Debug|x86.ActiveCfg = Debug|Any CPU
		{FECC40CF-1D83-451E-A3E9-46AD6A694F98}.Debug|x86.Build.0 = Debug|Any CPU
		{FECC40CF-1D83-451E-A3E9-46AD6A694F98}.Release|Any CPU.ActiveCfg = Release|Any CPU
		{FECC40CF-1D83-451E-A3E9-46AD6A694F98}.Release|Any CPU.Build.0 = Release|Any CPU
		{FECC40CF-1D83-451E-A3E9-46AD6A694F98}.Release|Mixed Platforms.ActiveCfg = Release|Any CPU
		{FECC40CF-1D83-451E-A3E9-46AD6A694F98}.Release|Mixed Platforms.Build.0 = Release|Any CPU
		{FECC40CF-1D83-451E-A3E9-46AD6A694F98}.Release|x86.ActiveCfg = Release|Any CPU
		{FECC40CF-1D83-451E-A3E9-46AD6A694F98}.Release|x86.Build.0 = Release|Any CPU
		{6D326140-E1E1-40DC-A4EF-C18974474332}.Debug|Any CPU.ActiveCfg = Debug|Any CPU
		{6D326140-E1E1-40DC-A4EF-C18974474332}.Debug|Any CPU.Build.0 = Debug|Any CPU
		{6D326140-E1E1-40DC-A4EF-C18974474332}.Debug|Mixed Platforms.ActiveCfg = Debug|Any CPU
		{6D326140-E1E1-40DC-A4EF-C18974474332}.Debug|Mixed Platforms.Build.0 = Debug|Any CPU
		{6D326140-E1E1-40DC-A4EF-C18974474332}.Debug|x86.ActiveCfg = Debug|Any CPU
		{6D326140-E1E1-40DC-A4EF-C18974474332}.Debug|x86.Build.0 = Debug|Any CPU
		{6D326140-E1E1-40DC-A4EF-C18974474332}.Release|Any CPU.ActiveCfg = Release|Any CPU
		{6D326140-E1E1-40DC-A4EF-C18974474332}.Release|Any CPU.Build.0 = Release|Any CPU
		{6D326140-E1E1-40DC-A4EF-C18974474332}.Release|Mixed Platforms.ActiveCfg = Release|Any CPU
		{6D326140-E1E1-40DC-A4EF-C18974474332}.Release|Mixed Platforms.Build.0 = Release|Any CPU
		{6D326140-E1E1-40DC-A4EF-C18974474332}.Release|x86.ActiveCfg = Release|Any CPU
		{6D326140-E1E1-40DC-A4EF-C18974474332}.Release|x86.Build.0 = Release|Any CPU
		{C707328C-25C0-48EB-BBAC-3D7A72820416}.Debug|Any CPU.ActiveCfg = Debug|Any CPU
		{C707328C-25C0-48EB-BBAC-3D7A72820416}.Debug|Any CPU.Build.0 = Debug|Any CPU
		{C707328C-25C0-48EB-BBAC-3D7A72820416}.Debug|Mixed Platforms.ActiveCfg = Debug|Any CPU
		{C707328C-25C0-48EB-BBAC-3D7A72820416}.Debug|Mixed Platforms.Build.0 = Debug|Any CPU
		{C707328C-25C0-48EB-BBAC-3D7A72820416}.Debug|x86.ActiveCfg = Debug|Any CPU
		{C707328C-25C0-48EB-BBAC-3D7A72820416}.Debug|x86.Build.0 = Debug|Any CPU
		{C707328C-25C0-48EB-BBAC-3D7A72820416}.Release|Any CPU.ActiveCfg = Release|Any CPU
		{C707328C-25C0-48EB-BBAC-3D7A72820416}.Release|Any CPU.Build.0 = Release|Any CPU
		{C707328C-25C0-48EB-BBAC-3D7A72820416}.Release|Mixed Platforms.ActiveCfg = Release|Any CPU
		{C707328C-25C0-48EB-BBAC-3D7A72820416}.Release|Mixed Platforms.Build.0 = Release|Any CPU
		{C707328C-25C0-48EB-BBAC-3D7A72820416}.Release|x86.ActiveCfg = Release|Any CPU
		{C707328C-25C0-48EB-BBAC-3D7A72820416}.Release|x86.Build.0 = Release|Any CPU
		{084C06BB-A6F7-4B77-83E3-E7839069768D}.Debug|Any CPU.ActiveCfg = Debug|Any CPU
		{084C06BB-A6F7-4B77-83E3-E7839069768D}.Debug|Any CPU.Build.0 = Debug|Any CPU
		{084C06BB-A6F7-4B77-83E3-E7839069768D}.Debug|Mixed Platforms.ActiveCfg = Debug|Any CPU
		{084C06BB-A6F7-4B77-83E3-E7839069768D}.Debug|Mixed Platforms.Build.0 = Debug|Any CPU
		{084C06BB-A6F7-4B77-83E3-E7839069768D}.Debug|x86.ActiveCfg = Debug|Any CPU
		{084C06BB-A6F7-4B77-83E3-E7839069768D}.Debug|x86.Build.0 = Debug|Any CPU
		{084C06BB-A6F7-4B77-83E3-E7839069768D}.Release|Any CPU.ActiveCfg = Release|Any CPU
		{084C06BB-A6F7-4B77-83E3-E7839069768D}.Release|Any CPU.Build.0 = Release|Any CPU
		{084C06BB-A6F7-4B77-83E3-E7839069768D}.Release|Mixed Platforms.ActiveCfg = Release|Any CPU
		{084C06BB-A6F7-4B77-83E3-E7839069768D}.Release|Mixed Platforms.Build.0 = Release|Any CPU
		{084C06BB-A6F7-4B77-83E3-E7839069768D}.Release|x86.ActiveCfg = Release|Any CPU
		{084C06BB-A6F7-4B77-83E3-E7839069768D}.Release|x86.Build.0 = Release|Any CPU
		{73AB8055-4D6D-413A-AB09-E4CD67E02CCE}.Debug|Any CPU.ActiveCfg = Debug|Any CPU
		{73AB8055-4D6D-413A-AB09-E4CD67E02CCE}.Debug|Any CPU.Build.0 = Debug|Any CPU
		{73AB8055-4D6D-413A-AB09-E4CD67E02CCE}.Debug|Mixed Platforms.ActiveCfg = Debug|Any CPU
		{73AB8055-4D6D-413A-AB09-E4CD67E02CCE}.Debug|Mixed Platforms.Build.0 = Debug|Any CPU
		{73AB8055-4D6D-413A-AB09-E4CD67E02CCE}.Debug|x86.ActiveCfg = Debug|Any CPU
		{73AB8055-4D6D-413A-AB09-E4CD67E02CCE}.Debug|x86.Build.0 = Debug|Any CPU
		{73AB8055-4D6D-413A-AB09-E4CD67E02CCE}.Release|Any CPU.ActiveCfg = Release|Any CPU
		{73AB8055-4D6D-413A-AB09-E4CD67E02CCE}.Release|Any CPU.Build.0 = Release|Any CPU
		{73AB8055-4D6D-413A-AB09-E4CD67E02CCE}.Release|Mixed Platforms.ActiveCfg = Release|Any CPU
		{73AB8055-4D6D-413A-AB09-E4CD67E02CCE}.Release|Mixed Platforms.Build.0 = Release|Any CPU
		{73AB8055-4D6D-413A-AB09-E4CD67E02CCE}.Release|x86.ActiveCfg = Release|Any CPU
		{73AB8055-4D6D-413A-AB09-E4CD67E02CCE}.Release|x86.Build.0 = Release|Any CPU
		{7CA0C56E-68BC-4558-B4F7-C9F72DAB341A}.Debug|Any CPU.ActiveCfg = Debug|Any CPU
		{7CA0C56E-68BC-4558-B4F7-C9F72DAB341A}.Debug|Any CPU.Build.0 = Debug|Any CPU
		{7CA0C56E-68BC-4558-B4F7-C9F72DAB341A}.Debug|Mixed Platforms.ActiveCfg = Debug|Any CPU
		{7CA0C56E-68BC-4558-B4F7-C9F72DAB341A}.Debug|Mixed Platforms.Build.0 = Debug|Any CPU
		{7CA0C56E-68BC-4558-B4F7-C9F72DAB341A}.Debug|x86.ActiveCfg = Debug|Any CPU
		{7CA0C56E-68BC-4558-B4F7-C9F72DAB341A}.Debug|x86.Build.0 = Debug|Any CPU
		{7CA0C56E-68BC-4558-B4F7-C9F72DAB341A}.Release|Any CPU.ActiveCfg = Release|Any CPU
		{7CA0C56E-68BC-4558-B4F7-C9F72DAB341A}.Release|Any CPU.Build.0 = Release|Any CPU
		{7CA0C56E-68BC-4558-B4F7-C9F72DAB341A}.Release|Mixed Platforms.ActiveCfg = Release|Any CPU
		{7CA0C56E-68BC-4558-B4F7-C9F72DAB341A}.Release|Mixed Platforms.Build.0 = Release|Any CPU
		{7CA0C56E-68BC-4558-B4F7-C9F72DAB341A}.Release|x86.ActiveCfg = Release|Any CPU
		{7CA0C56E-68BC-4558-B4F7-C9F72DAB341A}.Release|x86.Build.0 = Release|Any CPU
		{A6BD3277-3F84-42CF-8501-557FC0FC25A3}.Debug|Any CPU.ActiveCfg = Debug|Any CPU
		{A6BD3277-3F84-42CF-8501-557FC0FC25A3}.Debug|Any CPU.Build.0 = Debug|Any CPU
		{A6BD3277-3F84-42CF-8501-557FC0FC25A3}.Debug|Mixed Platforms.ActiveCfg = Debug|Any CPU
		{A6BD3277-3F84-42CF-8501-557FC0FC25A3}.Debug|Mixed Platforms.Build.0 = Debug|Any CPU
		{A6BD3277-3F84-42CF-8501-557FC0FC25A3}.Debug|x86.ActiveCfg = Debug|Any CPU
		{A6BD3277-3F84-42CF-8501-557FC0FC25A3}.Debug|x86.Build.0 = Debug|Any CPU
		{A6BD3277-3F84-42CF-8501-557FC0FC25A3}.Release|Any CPU.ActiveCfg = Release|Any CPU
		{A6BD3277-3F84-42CF-8501-557FC0FC25A3}.Release|Any CPU.Build.0 = Release|Any CPU
		{A6BD3277-3F84-42CF-8501-557FC0FC25A3}.Release|Mixed Platforms.ActiveCfg = Release|Any CPU
		{A6BD3277-3F84-42CF-8501-557FC0FC25A3}.Release|Mixed Platforms.Build.0 = Release|Any CPU
		{A6BD3277-3F84-42CF-8501-557FC0FC25A3}.Release|x86.ActiveCfg = Release|Any CPU
		{A6BD3277-3F84-42CF-8501-557FC0FC25A3}.Release|x86.Build.0 = Release|Any CPU
		{8ECF0F51-2045-4A97-AABB-9204DA8CBF6A}.Debug|Any CPU.ActiveCfg = Debug|Any CPU
		{8ECF0F51-2045-4A97-AABB-9204DA8CBF6A}.Debug|Mixed Platforms.ActiveCfg = Debug|Any CPU
		{8ECF0F51-2045-4A97-AABB-9204DA8CBF6A}.Debug|Mixed Platforms.Build.0 = Debug|Any CPU
		{8ECF0F51-2045-4A97-AABB-9204DA8CBF6A}.Debug|x86.ActiveCfg = Debug|Any CPU
		{8ECF0F51-2045-4A97-AABB-9204DA8CBF6A}.Debug|x86.Build.0 = Debug|Any CPU
		{8ECF0F51-2045-4A97-AABB-9204DA8CBF6A}.Release|Any CPU.ActiveCfg = Release|Any CPU
		{8ECF0F51-2045-4A97-AABB-9204DA8CBF6A}.Release|Any CPU.Build.0 = Release|Any CPU
		{8ECF0F51-2045-4A97-AABB-9204DA8CBF6A}.Release|Mixed Platforms.ActiveCfg = Release|Any CPU
		{8ECF0F51-2045-4A97-AABB-9204DA8CBF6A}.Release|Mixed Platforms.Build.0 = Release|Any CPU
		{8ECF0F51-2045-4A97-AABB-9204DA8CBF6A}.Release|x86.ActiveCfg = Release|Any CPU
		{8ECF0F51-2045-4A97-AABB-9204DA8CBF6A}.Release|x86.Build.0 = Release|Any CPU
		{DD1ECD8B-2357-4DDF-87B7-5405FE59B8AC}.Debug|Any CPU.ActiveCfg = Debug|Any CPU
		{DD1ECD8B-2357-4DDF-87B7-5405FE59B8AC}.Debug|Any CPU.Build.0 = Debug|Any CPU
		{DD1ECD8B-2357-4DDF-87B7-5405FE59B8AC}.Debug|Mixed Platforms.ActiveCfg = Debug|Any CPU
		{DD1ECD8B-2357-4DDF-87B7-5405FE59B8AC}.Debug|Mixed Platforms.Build.0 = Debug|Any CPU
		{DD1ECD8B-2357-4DDF-87B7-5405FE59B8AC}.Debug|x86.ActiveCfg = Debug|Any CPU
		{DD1ECD8B-2357-4DDF-87B7-5405FE59B8AC}.Debug|x86.Build.0 = Debug|Any CPU
		{DD1ECD8B-2357-4DDF-87B7-5405FE59B8AC}.Release|Any CPU.ActiveCfg = Release|Any CPU
		{DD1ECD8B-2357-4DDF-87B7-5405FE59B8AC}.Release|Any CPU.Build.0 = Release|Any CPU
		{DD1ECD8B-2357-4DDF-87B7-5405FE59B8AC}.Release|Mixed Platforms.ActiveCfg = Release|Any CPU
		{DD1ECD8B-2357-4DDF-87B7-5405FE59B8AC}.Release|Mixed Platforms.Build.0 = Release|Any CPU
		{DD1ECD8B-2357-4DDF-87B7-5405FE59B8AC}.Release|x86.ActiveCfg = Release|Any CPU
		{DD1ECD8B-2357-4DDF-87B7-5405FE59B8AC}.Release|x86.Build.0 = Release|Any CPU
		{AB4898D9-A75A-4072-A1AB-5451D6CC6468}.Debug|Any CPU.ActiveCfg = Debug|Any CPU
		{AB4898D9-A75A-4072-A1AB-5451D6CC6468}.Debug|Any CPU.Build.0 = Debug|Any CPU
		{AB4898D9-A75A-4072-A1AB-5451D6CC6468}.Debug|Mixed Platforms.ActiveCfg = Debug|Any CPU
		{AB4898D9-A75A-4072-A1AB-5451D6CC6468}.Debug|Mixed Platforms.Build.0 = Debug|Any CPU
		{AB4898D9-A75A-4072-A1AB-5451D6CC6468}.Debug|x86.ActiveCfg = Debug|Any CPU
		{AB4898D9-A75A-4072-A1AB-5451D6CC6468}.Debug|x86.Build.0 = Debug|Any CPU
		{AB4898D9-A75A-4072-A1AB-5451D6CC6468}.Release|Any CPU.ActiveCfg = Release|Any CPU
		{AB4898D9-A75A-4072-A1AB-5451D6CC6468}.Release|Any CPU.Build.0 = Release|Any CPU
		{AB4898D9-A75A-4072-A1AB-5451D6CC6468}.Release|Mixed Platforms.ActiveCfg = Release|Any CPU
		{AB4898D9-A75A-4072-A1AB-5451D6CC6468}.Release|Mixed Platforms.Build.0 = Release|Any CPU
		{AB4898D9-A75A-4072-A1AB-5451D6CC6468}.Release|x86.ActiveCfg = Release|Any CPU
		{AB4898D9-A75A-4072-A1AB-5451D6CC6468}.Release|x86.Build.0 = Release|Any CPU
		{F48E3FDD-8578-48F0-8E1E-329A748B02C5}.Debug|Any CPU.ActiveCfg = Debug|Any CPU
		{F48E3FDD-8578-48F0-8E1E-329A748B02C5}.Debug|Any CPU.Build.0 = Debug|Any CPU
		{F48E3FDD-8578-48F0-8E1E-329A748B02C5}.Debug|Mixed Platforms.ActiveCfg = Debug|Any CPU
		{F48E3FDD-8578-48F0-8E1E-329A748B02C5}.Debug|Mixed Platforms.Build.0 = Debug|Any CPU
		{F48E3FDD-8578-48F0-8E1E-329A748B02C5}.Debug|x86.ActiveCfg = Debug|Any CPU
		{F48E3FDD-8578-48F0-8E1E-329A748B02C5}.Debug|x86.Build.0 = Debug|Any CPU
		{F48E3FDD-8578-48F0-8E1E-329A748B02C5}.Release|Any CPU.ActiveCfg = Release|Any CPU
		{F48E3FDD-8578-48F0-8E1E-329A748B02C5}.Release|Any CPU.Build.0 = Release|Any CPU
		{F48E3FDD-8578-48F0-8E1E-329A748B02C5}.Release|Mixed Platforms.ActiveCfg = Release|Any CPU
		{F48E3FDD-8578-48F0-8E1E-329A748B02C5}.Release|Mixed Platforms.Build.0 = Release|Any CPU
		{F48E3FDD-8578-48F0-8E1E-329A748B02C5}.Release|x86.ActiveCfg = Release|Any CPU
		{F48E3FDD-8578-48F0-8E1E-329A748B02C5}.Release|x86.Build.0 = Release|Any CPU
		{4254DFEC-8697-42C7-8491-CA08031E6245}.Debug|Any CPU.ActiveCfg = Debug|Any CPU
		{4254DFEC-8697-42C7-8491-CA08031E6245}.Debug|Any CPU.Build.0 = Debug|Any CPU
		{4254DFEC-8697-42C7-8491-CA08031E6245}.Debug|Mixed Platforms.ActiveCfg = Debug|Any CPU
		{4254DFEC-8697-42C7-8491-CA08031E6245}.Debug|Mixed Platforms.Build.0 = Debug|Any CPU
		{4254DFEC-8697-42C7-8491-CA08031E6245}.Debug|x86.ActiveCfg = Debug|Any CPU
		{4254DFEC-8697-42C7-8491-CA08031E6245}.Debug|x86.Build.0 = Debug|Any CPU
		{4254DFEC-8697-42C7-8491-CA08031E6245}.Release|Any CPU.ActiveCfg = Release|Any CPU
		{4254DFEC-8697-42C7-8491-CA08031E6245}.Release|Any CPU.Build.0 = Release|Any CPU
		{4254DFEC-8697-42C7-8491-CA08031E6245}.Release|Mixed Platforms.ActiveCfg = Release|Any CPU
		{4254DFEC-8697-42C7-8491-CA08031E6245}.Release|Mixed Platforms.Build.0 = Release|Any CPU
		{4254DFEC-8697-42C7-8491-CA08031E6245}.Release|x86.ActiveCfg = Release|Any CPU
		{4254DFEC-8697-42C7-8491-CA08031E6245}.Release|x86.Build.0 = Release|Any CPU
		{ADE96245-C5A9-4699-A70D-01568D7AFF98}.Debug|Any CPU.ActiveCfg = Debug|x86
		{ADE96245-C5A9-4699-A70D-01568D7AFF98}.Debug|Mixed Platforms.ActiveCfg = Debug|x86
		{ADE96245-C5A9-4699-A70D-01568D7AFF98}.Debug|Mixed Platforms.Build.0 = Debug|x86
		{ADE96245-C5A9-4699-A70D-01568D7AFF98}.Debug|x86.ActiveCfg = Debug|x86
		{ADE96245-C5A9-4699-A70D-01568D7AFF98}.Debug|x86.Build.0 = Debug|x86
		{ADE96245-C5A9-4699-A70D-01568D7AFF98}.Release|Any CPU.ActiveCfg = Release|x86
		{ADE96245-C5A9-4699-A70D-01568D7AFF98}.Release|Mixed Platforms.ActiveCfg = Release|x86
		{ADE96245-C5A9-4699-A70D-01568D7AFF98}.Release|Mixed Platforms.Build.0 = Release|x86
		{ADE96245-C5A9-4699-A70D-01568D7AFF98}.Release|x86.ActiveCfg = Release|x86
		{ADE96245-C5A9-4699-A70D-01568D7AFF98}.Release|x86.Build.0 = Release|x86
		{28AA227F-2F16-4753-AC44-526B300541C3}.Debug|Any CPU.ActiveCfg = Debug|Any CPU
		{28AA227F-2F16-4753-AC44-526B300541C3}.Debug|Any CPU.Build.0 = Debug|Any CPU
		{28AA227F-2F16-4753-AC44-526B300541C3}.Debug|Mixed Platforms.ActiveCfg = Debug|Any CPU
		{28AA227F-2F16-4753-AC44-526B300541C3}.Debug|Mixed Platforms.Build.0 = Debug|Any CPU
		{28AA227F-2F16-4753-AC44-526B300541C3}.Debug|x86.ActiveCfg = Debug|Any CPU
		{28AA227F-2F16-4753-AC44-526B300541C3}.Debug|x86.Build.0 = Debug|Any CPU
		{28AA227F-2F16-4753-AC44-526B300541C3}.Release|Any CPU.ActiveCfg = Release|Any CPU
		{28AA227F-2F16-4753-AC44-526B300541C3}.Release|Any CPU.Build.0 = Release|Any CPU
		{28AA227F-2F16-4753-AC44-526B300541C3}.Release|Mixed Platforms.ActiveCfg = Release|Any CPU
		{28AA227F-2F16-4753-AC44-526B300541C3}.Release|Mixed Platforms.Build.0 = Release|Any CPU
		{28AA227F-2F16-4753-AC44-526B300541C3}.Release|x86.ActiveCfg = Release|Any CPU
		{28AA227F-2F16-4753-AC44-526B300541C3}.Release|x86.Build.0 = Release|Any CPU
		{A5208FF8-FB37-4B7F-AB0C-43017A73C3DC}.Debug|Any CPU.ActiveCfg = Debug|Any CPU
		{A5208FF8-FB37-4B7F-AB0C-43017A73C3DC}.Debug|Any CPU.Build.0 = Debug|Any CPU
		{A5208FF8-FB37-4B7F-AB0C-43017A73C3DC}.Debug|Mixed Platforms.ActiveCfg = Debug|Any CPU
		{A5208FF8-FB37-4B7F-AB0C-43017A73C3DC}.Debug|Mixed Platforms.Build.0 = Debug|Any CPU
		{A5208FF8-FB37-4B7F-AB0C-43017A73C3DC}.Debug|x86.ActiveCfg = Debug|Any CPU
		{A5208FF8-FB37-4B7F-AB0C-43017A73C3DC}.Debug|x86.Build.0 = Debug|Any CPU
		{A5208FF8-FB37-4B7F-AB0C-43017A73C3DC}.Release|Any CPU.ActiveCfg = Release|Any CPU
		{A5208FF8-FB37-4B7F-AB0C-43017A73C3DC}.Release|Any CPU.Build.0 = Release|Any CPU
		{A5208FF8-FB37-4B7F-AB0C-43017A73C3DC}.Release|Mixed Platforms.ActiveCfg = Release|Any CPU
		{A5208FF8-FB37-4B7F-AB0C-43017A73C3DC}.Release|Mixed Platforms.Build.0 = Release|Any CPU
		{A5208FF8-FB37-4B7F-AB0C-43017A73C3DC}.Release|x86.ActiveCfg = Release|Any CPU
		{A5208FF8-FB37-4B7F-AB0C-43017A73C3DC}.Release|x86.Build.0 = Release|Any CPU
		{6BE6BE54-ADDD-4227-8AA9-D49B9D950EEB}.Debug|Any CPU.ActiveCfg = Debug|Any CPU
		{6BE6BE54-ADDD-4227-8AA9-D49B9D950EEB}.Debug|Any CPU.Build.0 = Debug|Any CPU
		{6BE6BE54-ADDD-4227-8AA9-D49B9D950EEB}.Debug|Mixed Platforms.ActiveCfg = Debug|Any CPU
		{6BE6BE54-ADDD-4227-8AA9-D49B9D950EEB}.Debug|Mixed Platforms.Build.0 = Debug|Any CPU
		{6BE6BE54-ADDD-4227-8AA9-D49B9D950EEB}.Debug|x86.ActiveCfg = Debug|Any CPU
		{6BE6BE54-ADDD-4227-8AA9-D49B9D950EEB}.Debug|x86.Build.0 = Debug|Any CPU
		{6BE6BE54-ADDD-4227-8AA9-D49B9D950EEB}.Release|Any CPU.ActiveCfg = Release|Any CPU
		{6BE6BE54-ADDD-4227-8AA9-D49B9D950EEB}.Release|Any CPU.Build.0 = Release|Any CPU
		{6BE6BE54-ADDD-4227-8AA9-D49B9D950EEB}.Release|Mixed Platforms.ActiveCfg = Release|Any CPU
		{6BE6BE54-ADDD-4227-8AA9-D49B9D950EEB}.Release|Mixed Platforms.Build.0 = Release|Any CPU
		{6BE6BE54-ADDD-4227-8AA9-D49B9D950EEB}.Release|x86.ActiveCfg = Release|Any CPU
		{6BE6BE54-ADDD-4227-8AA9-D49B9D950EEB}.Release|x86.Build.0 = Release|Any CPU
		{EFC6A8E9-F7F9-452E-84A6-996F2230ED81}.Debug|Any CPU.ActiveCfg = Debug|Any CPU
		{EFC6A8E9-F7F9-452E-84A6-996F2230ED81}.Debug|Any CPU.Build.0 = Debug|Any CPU
		{EFC6A8E9-F7F9-452E-84A6-996F2230ED81}.Debug|Mixed Platforms.ActiveCfg = Debug|Any CPU
		{EFC6A8E9-F7F9-452E-84A6-996F2230ED81}.Debug|Mixed Platforms.Build.0 = Debug|Any CPU
		{EFC6A8E9-F7F9-452E-84A6-996F2230ED81}.Debug|x86.ActiveCfg = Debug|Any CPU
		{EFC6A8E9-F7F9-452E-84A6-996F2230ED81}.Debug|x86.Build.0 = Debug|Any CPU
		{EFC6A8E9-F7F9-452E-84A6-996F2230ED81}.Release|Any CPU.ActiveCfg = Release|Any CPU
		{EFC6A8E9-F7F9-452E-84A6-996F2230ED81}.Release|Any CPU.Build.0 = Release|Any CPU
		{EFC6A8E9-F7F9-452E-84A6-996F2230ED81}.Release|Mixed Platforms.ActiveCfg = Release|Any CPU
		{EFC6A8E9-F7F9-452E-84A6-996F2230ED81}.Release|Mixed Platforms.Build.0 = Release|Any CPU
		{EFC6A8E9-F7F9-452E-84A6-996F2230ED81}.Release|x86.ActiveCfg = Release|Any CPU
		{EFC6A8E9-F7F9-452E-84A6-996F2230ED81}.Release|x86.Build.0 = Release|Any CPU
		{4C9B2BA9-29C0-4C3E-833C-DD3A7CC5AD53}.Debug|Any CPU.ActiveCfg = Debug|Any CPU
		{4C9B2BA9-29C0-4C3E-833C-DD3A7CC5AD53}.Debug|Any CPU.Build.0 = Debug|Any CPU
		{4C9B2BA9-29C0-4C3E-833C-DD3A7CC5AD53}.Debug|Mixed Platforms.ActiveCfg = Debug|Any CPU
		{4C9B2BA9-29C0-4C3E-833C-DD3A7CC5AD53}.Debug|Mixed Platforms.Build.0 = Debug|Any CPU
		{4C9B2BA9-29C0-4C3E-833C-DD3A7CC5AD53}.Debug|x86.ActiveCfg = Debug|Any CPU
		{4C9B2BA9-29C0-4C3E-833C-DD3A7CC5AD53}.Debug|x86.Build.0 = Debug|Any CPU
		{4C9B2BA9-29C0-4C3E-833C-DD3A7CC5AD53}.Release|Any CPU.ActiveCfg = Release|Any CPU
		{4C9B2BA9-29C0-4C3E-833C-DD3A7CC5AD53}.Release|Any CPU.Build.0 = Release|Any CPU
		{4C9B2BA9-29C0-4C3E-833C-DD3A7CC5AD53}.Release|Mixed Platforms.ActiveCfg = Release|Any CPU
		{4C9B2BA9-29C0-4C3E-833C-DD3A7CC5AD53}.Release|Mixed Platforms.Build.0 = Release|Any CPU
		{4C9B2BA9-29C0-4C3E-833C-DD3A7CC5AD53}.Release|x86.ActiveCfg = Release|Any CPU
		{4C9B2BA9-29C0-4C3E-833C-DD3A7CC5AD53}.Release|x86.Build.0 = Release|Any CPU
		{C6D37207-CAF1-412F-839A-99282D6D3A8A}.Debug|Any CPU.ActiveCfg = Debug|Any CPU
		{C6D37207-CAF1-412F-839A-99282D6D3A8A}.Debug|Any CPU.Build.0 = Debug|Any CPU
		{C6D37207-CAF1-412F-839A-99282D6D3A8A}.Debug|Mixed Platforms.ActiveCfg = Debug|Any CPU
		{C6D37207-CAF1-412F-839A-99282D6D3A8A}.Debug|Mixed Platforms.Build.0 = Debug|Any CPU
		{C6D37207-CAF1-412F-839A-99282D6D3A8A}.Debug|x86.ActiveCfg = Debug|Any CPU
		{C6D37207-CAF1-412F-839A-99282D6D3A8A}.Debug|x86.Build.0 = Debug|Any CPU
		{C6D37207-CAF1-412F-839A-99282D6D3A8A}.Release|Any CPU.ActiveCfg = Release|Any CPU
		{C6D37207-CAF1-412F-839A-99282D6D3A8A}.Release|Any CPU.Build.0 = Release|Any CPU
		{C6D37207-CAF1-412F-839A-99282D6D3A8A}.Release|Mixed Platforms.ActiveCfg = Release|Any CPU
		{C6D37207-CAF1-412F-839A-99282D6D3A8A}.Release|Mixed Platforms.Build.0 = Release|Any CPU
		{C6D37207-CAF1-412F-839A-99282D6D3A8A}.Release|x86.ActiveCfg = Release|Any CPU
		{C6D37207-CAF1-412F-839A-99282D6D3A8A}.Release|x86.Build.0 = Release|Any CPU
		{EF08444D-1357-45AA-A3C7-77E0F2C6A32A}.Debug|Any CPU.ActiveCfg = Debug|Any CPU
		{EF08444D-1357-45AA-A3C7-77E0F2C6A32A}.Debug|Any CPU.Build.0 = Debug|Any CPU
		{EF08444D-1357-45AA-A3C7-77E0F2C6A32A}.Debug|Mixed Platforms.ActiveCfg = Debug|Any CPU
		{EF08444D-1357-45AA-A3C7-77E0F2C6A32A}.Debug|Mixed Platforms.Build.0 = Debug|Any CPU
		{EF08444D-1357-45AA-A3C7-77E0F2C6A32A}.Debug|x86.ActiveCfg = Debug|Any CPU
		{EF08444D-1357-45AA-A3C7-77E0F2C6A32A}.Debug|x86.Build.0 = Debug|Any CPU
		{EF08444D-1357-45AA-A3C7-77E0F2C6A32A}.Release|Any CPU.ActiveCfg = Release|Any CPU
		{EF08444D-1357-45AA-A3C7-77E0F2C6A32A}.Release|Any CPU.Build.0 = Release|Any CPU
		{EF08444D-1357-45AA-A3C7-77E0F2C6A32A}.Release|Mixed Platforms.ActiveCfg = Release|Any CPU
		{EF08444D-1357-45AA-A3C7-77E0F2C6A32A}.Release|Mixed Platforms.Build.0 = Release|Any CPU
		{EF08444D-1357-45AA-A3C7-77E0F2C6A32A}.Release|x86.ActiveCfg = Release|Any CPU
		{EF08444D-1357-45AA-A3C7-77E0F2C6A32A}.Release|x86.Build.0 = Release|Any CPU
		{6225C432-852A-4EF1-ADDF-18E4CF66C526}.Debug|Any CPU.ActiveCfg = Debug|Any CPU
		{6225C432-852A-4EF1-ADDF-18E4CF66C526}.Debug|Any CPU.Build.0 = Debug|Any CPU
		{6225C432-852A-4EF1-ADDF-18E4CF66C526}.Debug|Mixed Platforms.ActiveCfg = Debug|Any CPU
		{6225C432-852A-4EF1-ADDF-18E4CF66C526}.Debug|Mixed Platforms.Build.0 = Debug|Any CPU
		{6225C432-852A-4EF1-ADDF-18E4CF66C526}.Debug|x86.ActiveCfg = Debug|Any CPU
		{6225C432-852A-4EF1-ADDF-18E4CF66C526}.Debug|x86.Build.0 = Debug|Any CPU
		{6225C432-852A-4EF1-ADDF-18E4CF66C526}.Release|Any CPU.ActiveCfg = Release|Any CPU
		{6225C432-852A-4EF1-ADDF-18E4CF66C526}.Release|Any CPU.Build.0 = Release|Any CPU
		{6225C432-852A-4EF1-ADDF-18E4CF66C526}.Release|Mixed Platforms.ActiveCfg = Release|Any CPU
		{6225C432-852A-4EF1-ADDF-18E4CF66C526}.Release|Mixed Platforms.Build.0 = Release|Any CPU
		{6225C432-852A-4EF1-ADDF-18E4CF66C526}.Release|x86.ActiveCfg = Release|Any CPU
		{6225C432-852A-4EF1-ADDF-18E4CF66C526}.Release|x86.Build.0 = Release|Any CPU
		{4E92AA86-2968-442D-ADB1-3D6953057967}.Debug|Any CPU.ActiveCfg = Debug|Any CPU
		{4E92AA86-2968-442D-ADB1-3D6953057967}.Debug|Any CPU.Build.0 = Debug|Any CPU
		{4E92AA86-2968-442D-ADB1-3D6953057967}.Debug|Mixed Platforms.ActiveCfg = Debug|Any CPU
		{4E92AA86-2968-442D-ADB1-3D6953057967}.Debug|Mixed Platforms.Build.0 = Debug|Any CPU
		{4E92AA86-2968-442D-ADB1-3D6953057967}.Debug|x86.ActiveCfg = Debug|Any CPU
		{4E92AA86-2968-442D-ADB1-3D6953057967}.Debug|x86.Build.0 = Debug|Any CPU
		{4E92AA86-2968-442D-ADB1-3D6953057967}.Release|Any CPU.ActiveCfg = Release|Any CPU
		{4E92AA86-2968-442D-ADB1-3D6953057967}.Release|Any CPU.Build.0 = Release|Any CPU
		{4E92AA86-2968-442D-ADB1-3D6953057967}.Release|Mixed Platforms.ActiveCfg = Release|Any CPU
		{4E92AA86-2968-442D-ADB1-3D6953057967}.Release|Mixed Platforms.Build.0 = Release|Any CPU
		{4E92AA86-2968-442D-ADB1-3D6953057967}.Release|x86.ActiveCfg = Release|Any CPU
		{4E92AA86-2968-442D-ADB1-3D6953057967}.Release|x86.Build.0 = Release|Any CPU
		{D4FF3343-4238-4652-A6EA-01AC60F3D0C6}.Debug|Any CPU.ActiveCfg = Debug|Any CPU
		{D4FF3343-4238-4652-A6EA-01AC60F3D0C6}.Debug|Any CPU.Build.0 = Debug|Any CPU
		{D4FF3343-4238-4652-A6EA-01AC60F3D0C6}.Debug|Mixed Platforms.ActiveCfg = Debug|Any CPU
		{D4FF3343-4238-4652-A6EA-01AC60F3D0C6}.Debug|Mixed Platforms.Build.0 = Debug|Any CPU
		{D4FF3343-4238-4652-A6EA-01AC60F3D0C6}.Debug|x86.ActiveCfg = Debug|Any CPU
		{D4FF3343-4238-4652-A6EA-01AC60F3D0C6}.Debug|x86.Build.0 = Debug|Any CPU
		{D4FF3343-4238-4652-A6EA-01AC60F3D0C6}.Release|Any CPU.ActiveCfg = Release|Any CPU
		{D4FF3343-4238-4652-A6EA-01AC60F3D0C6}.Release|Any CPU.Build.0 = Release|Any CPU
		{D4FF3343-4238-4652-A6EA-01AC60F3D0C6}.Release|Mixed Platforms.ActiveCfg = Release|Any CPU
		{D4FF3343-4238-4652-A6EA-01AC60F3D0C6}.Release|Mixed Platforms.Build.0 = Release|Any CPU
		{D4FF3343-4238-4652-A6EA-01AC60F3D0C6}.Release|x86.ActiveCfg = Release|Any CPU
		{D4FF3343-4238-4652-A6EA-01AC60F3D0C6}.Release|x86.Build.0 = Release|Any CPU
		{3CF088D4-D549-4B77-B923-4F9420BFB2D2}.Debug|Any CPU.ActiveCfg = Debug|Any CPU
		{3CF088D4-D549-4B77-B923-4F9420BFB2D2}.Debug|Any CPU.Build.0 = Debug|Any CPU
		{3CF088D4-D549-4B77-B923-4F9420BFB2D2}.Debug|Mixed Platforms.ActiveCfg = Debug|Any CPU
		{3CF088D4-D549-4B77-B923-4F9420BFB2D2}.Debug|Mixed Platforms.Build.0 = Debug|Any CPU
		{3CF088D4-D549-4B77-B923-4F9420BFB2D2}.Debug|x86.ActiveCfg = Debug|Any CPU
		{3CF088D4-D549-4B77-B923-4F9420BFB2D2}.Debug|x86.Build.0 = Debug|Any CPU
		{3CF088D4-D549-4B77-B923-4F9420BFB2D2}.Release|Any CPU.ActiveCfg = Release|Any CPU
		{3CF088D4-D549-4B77-B923-4F9420BFB2D2}.Release|Any CPU.Build.0 = Release|Any CPU
		{3CF088D4-D549-4B77-B923-4F9420BFB2D2}.Release|Mixed Platforms.ActiveCfg = Release|Any CPU
		{3CF088D4-D549-4B77-B923-4F9420BFB2D2}.Release|Mixed Platforms.Build.0 = Release|Any CPU
		{3CF088D4-D549-4B77-B923-4F9420BFB2D2}.Release|x86.ActiveCfg = Release|Any CPU
		{3CF088D4-D549-4B77-B923-4F9420BFB2D2}.Release|x86.Build.0 = Release|Any CPU
		{21A1350A-A84E-4601-BE6F-22ABCFA3517E}.Debug|Any CPU.ActiveCfg = Debug|Any CPU
		{21A1350A-A84E-4601-BE6F-22ABCFA3517E}.Debug|Any CPU.Build.0 = Debug|Any CPU
		{21A1350A-A84E-4601-BE6F-22ABCFA3517E}.Debug|Mixed Platforms.ActiveCfg = Debug|Any CPU
		{21A1350A-A84E-4601-BE6F-22ABCFA3517E}.Debug|Mixed Platforms.Build.0 = Debug|Any CPU
		{21A1350A-A84E-4601-BE6F-22ABCFA3517E}.Debug|x86.ActiveCfg = Debug|Any CPU
		{21A1350A-A84E-4601-BE6F-22ABCFA3517E}.Debug|x86.Build.0 = Debug|Any CPU
		{21A1350A-A84E-4601-BE6F-22ABCFA3517E}.Release|Any CPU.ActiveCfg = Release|Any CPU
		{21A1350A-A84E-4601-BE6F-22ABCFA3517E}.Release|Any CPU.Build.0 = Release|Any CPU
		{21A1350A-A84E-4601-BE6F-22ABCFA3517E}.Release|Mixed Platforms.ActiveCfg = Release|Any CPU
		{21A1350A-A84E-4601-BE6F-22ABCFA3517E}.Release|Mixed Platforms.Build.0 = Release|Any CPU
		{21A1350A-A84E-4601-BE6F-22ABCFA3517E}.Release|x86.ActiveCfg = Release|Any CPU
		{21A1350A-A84E-4601-BE6F-22ABCFA3517E}.Release|x86.Build.0 = Release|Any CPU
		{93C18942-368D-4132-ACA1-FFADF2774332}.Debug|Any CPU.ActiveCfg = Debug|Any CPU
		{93C18942-368D-4132-ACA1-FFADF2774332}.Debug|Any CPU.Build.0 = Debug|Any CPU
		{93C18942-368D-4132-ACA1-FFADF2774332}.Debug|Mixed Platforms.ActiveCfg = Debug|Any CPU
		{93C18942-368D-4132-ACA1-FFADF2774332}.Debug|Mixed Platforms.Build.0 = Debug|Any CPU
		{93C18942-368D-4132-ACA1-FFADF2774332}.Debug|x86.ActiveCfg = Debug|Any CPU
		{93C18942-368D-4132-ACA1-FFADF2774332}.Debug|x86.Build.0 = Debug|Any CPU
		{93C18942-368D-4132-ACA1-FFADF2774332}.Release|Any CPU.ActiveCfg = Release|Any CPU
		{93C18942-368D-4132-ACA1-FFADF2774332}.Release|Any CPU.Build.0 = Release|Any CPU
		{93C18942-368D-4132-ACA1-FFADF2774332}.Release|Mixed Platforms.ActiveCfg = Release|Any CPU
		{93C18942-368D-4132-ACA1-FFADF2774332}.Release|Mixed Platforms.Build.0 = Release|Any CPU
		{93C18942-368D-4132-ACA1-FFADF2774332}.Release|x86.ActiveCfg = Release|Any CPU
		{93C18942-368D-4132-ACA1-FFADF2774332}.Release|x86.Build.0 = Release|Any CPU
		{00AC88F0-2E9F-46A8-9E37-95498E92418B}.Debug|Any CPU.ActiveCfg = Debug|Any CPU
		{00AC88F0-2E9F-46A8-9E37-95498E92418B}.Debug|Any CPU.Build.0 = Debug|Any CPU
		{00AC88F0-2E9F-46A8-9E37-95498E92418B}.Debug|Mixed Platforms.ActiveCfg = Debug|Any CPU
		{00AC88F0-2E9F-46A8-9E37-95498E92418B}.Debug|Mixed Platforms.Build.0 = Debug|Any CPU
		{00AC88F0-2E9F-46A8-9E37-95498E92418B}.Debug|x86.ActiveCfg = Debug|Any CPU
		{00AC88F0-2E9F-46A8-9E37-95498E92418B}.Debug|x86.Build.0 = Debug|Any CPU
		{00AC88F0-2E9F-46A8-9E37-95498E92418B}.Release|Any CPU.ActiveCfg = Release|Any CPU
		{00AC88F0-2E9F-46A8-9E37-95498E92418B}.Release|Any CPU.Build.0 = Release|Any CPU
		{00AC88F0-2E9F-46A8-9E37-95498E92418B}.Release|Mixed Platforms.ActiveCfg = Release|Any CPU
		{00AC88F0-2E9F-46A8-9E37-95498E92418B}.Release|Mixed Platforms.Build.0 = Release|Any CPU
		{00AC88F0-2E9F-46A8-9E37-95498E92418B}.Release|x86.ActiveCfg = Release|Any CPU
		{00AC88F0-2E9F-46A8-9E37-95498E92418B}.Release|x86.Build.0 = Release|Any CPU
		{CA29DBF6-3489-4899-BD19-2ACDBC3DDAA2}.Debug|Any CPU.ActiveCfg = Debug|Any CPU
		{CA29DBF6-3489-4899-BD19-2ACDBC3DDAA2}.Debug|Any CPU.Build.0 = Debug|Any CPU
		{CA29DBF6-3489-4899-BD19-2ACDBC3DDAA2}.Debug|Mixed Platforms.ActiveCfg = Debug|Any CPU
		{CA29DBF6-3489-4899-BD19-2ACDBC3DDAA2}.Debug|Mixed Platforms.Build.0 = Debug|Any CPU
		{CA29DBF6-3489-4899-BD19-2ACDBC3DDAA2}.Debug|x86.ActiveCfg = Debug|Any CPU
		{CA29DBF6-3489-4899-BD19-2ACDBC3DDAA2}.Debug|x86.Build.0 = Debug|Any CPU
		{CA29DBF6-3489-4899-BD19-2ACDBC3DDAA2}.Release|Any CPU.ActiveCfg = Release|Any CPU
		{CA29DBF6-3489-4899-BD19-2ACDBC3DDAA2}.Release|Any CPU.Build.0 = Release|Any CPU
		{CA29DBF6-3489-4899-BD19-2ACDBC3DDAA2}.Release|Mixed Platforms.ActiveCfg = Release|Any CPU
		{CA29DBF6-3489-4899-BD19-2ACDBC3DDAA2}.Release|Mixed Platforms.Build.0 = Release|Any CPU
		{CA29DBF6-3489-4899-BD19-2ACDBC3DDAA2}.Release|x86.ActiveCfg = Release|Any CPU
		{CA29DBF6-3489-4899-BD19-2ACDBC3DDAA2}.Release|x86.Build.0 = Release|Any CPU
	EndGlobalSection
	GlobalSection(SolutionProperties) = preSolution
		HideSolutionNode = FALSE
	EndGlobalSection
	GlobalSection(NestedProjects) = preSolution
		{D4FF3343-4238-4652-A6EA-01AC60F3D0C6} = {1394E941-19C8-4054-A5B3-D246F0F06139}
		{3CF088D4-D549-4B77-B923-4F9420BFB2D2} = {1394E941-19C8-4054-A5B3-D246F0F06139}
		{21A1350A-A84E-4601-BE6F-22ABCFA3517E} = {1394E941-19C8-4054-A5B3-D246F0F06139}
	EndGlobalSection
	GlobalSection(ExtensibilityGlobals) = postSolution
		SolutionGuid = {4DD34B2E-C18C-4885-8404-22A09D728735}
	EndGlobalSection
EndGlobal
