
Microsoft Visual Studio Solution File, Format Version 12.00
# Visual Studio 15
VisualStudioVersion = 15.0.28307.1209
MinimumVisualStudioVersion = 10.0.40219.1
Project("{FAE04EC0-301F-11D3-BF4B-00C04F79EFBC}") = "ASFuelControl.Dart", "ASFuelControl.Dart.csproj", "{A5208FF8-FB37-4B7F-AB0C-43017A73C3DC}"
EndProject
Global
	GlobalSection(SolutionConfigurationPlatforms) = preSolution
		Debug|Any CPU = Debug|Any CPU
		Release|Any CPU = Release|Any CPU
	EndGlobalSection
	GlobalSection(ProjectConfigurationPlatforms) = postSolution
		{A5208FF8-FB37-4B7F-AB0C-43017A73C3DC}.Debug|Any CPU.ActiveCfg = Debug|Any CPU
		{A5208FF8-FB37-4B7F-AB0C-43017A73C3DC}.Debug|Any CPU.Build.0 = Debug|Any CPU
		{A5208FF8-FB37-4B7F-AB0C-43017A73C3DC}.Release|Any CPU.ActiveCfg = Release|Any CPU
		{A5208FF8-FB37-4B7F-AB0C-43017A73C3DC}.Release|Any CPU.Build.0 = Release|Any CPU
	EndGlobalSection
	GlobalSection(SolutionProperties) = preSolution
		HideSolutionNode = FALSE
	EndGlobalSection
	GlobalSection(ExtensibilityGlobals) = postSolution
		SolutionGuid = {D2B99F4A-DD75-4507-B945-3B2EDB7EFBE2}
	EndGlobalSection
EndGlobal
