
Microsoft Visual Studio Solution File, Format Version 12.00
# Visual Studio Version 17
VisualStudioVersion = 17.14.36705.20 d17.14
MinimumVisualStudioVersion = 10.0.40219.1
Project("{FAE04EC0-301F-11D3-BF4B-00C04F79EFBC}") = "Exedron.ProviderInvoicing", "Exedron.ProviderInvoicing.csproj", "{66ED4E55-304E-452A-96A4-853982C5F602}"
EndProject
Project("{FAE04EC0-301F-11D3-BF4B-00C04F79EFBC}") = "Exedron.MyData", "..\Exedron.MyData\Exedron.MyData.csproj", "{3CF088D4-D549-4B77-B923-4F9420BFB2D2}"
EndProject
Global
	GlobalSection(SolutionConfigurationPlatforms) = preSolution
		Debug|Any CPU = Debug|Any CPU
		Release|Any CPU = Release|Any CPU
	EndGlobalSection
	GlobalSection(ProjectConfigurationPlatforms) = postSolution
		{66ED4E55-304E-452A-96A4-853982C5F602}.Debug|Any CPU.ActiveCfg = Debug|Any CPU
		{66ED4E55-304E-452A-96A4-853982C5F602}.Debug|Any CPU.Build.0 = Debug|Any CPU
		{66ED4E55-304E-452A-96A4-853982C5F602}.Release|Any CPU.ActiveCfg = Release|Any CPU
		{66ED4E55-304E-452A-96A4-853982C5F602}.Release|Any CPU.Build.0 = Release|Any CPU
		{3CF088D4-D549-4B77-B923-4F9420BFB2D2}.Debug|Any CPU.ActiveCfg = Debug|Any CPU
		{3CF088D4-D549-4B77-B923-4F9420BFB2D2}.Debug|Any CPU.Build.0 = Debug|Any CPU
		{3CF088D4-D549-4B77-B923-4F9420BFB2D2}.Release|Any CPU.ActiveCfg = Release|Any CPU
		{3CF088D4-D549-4B77-B923-4F9420BFB2D2}.Release|Any CPU.Build.0 = Release|Any CPU
	EndGlobalSection
	GlobalSection(SolutionProperties) = preSolution
		HideSolutionNode = FALSE
	EndGlobalSection
	GlobalSection(ExtensibilityGlobals) = postSolution
		SolutionGuid = {1307A0ED-F1B5-4148-9C6A-044DFF41B0E0}
	EndGlobalSection
EndGlobal
